// !$*UTF8*$!
{
	archiveVersion = 1;
	classes = {
	};
	objectVersion = 60;
	objects = {

/* Begin PBXBuildFile section */
		710000000000000000000001 /* FocusReadApp.swift in Sources */ = {isa = PBXBuildFile; fileRef = 710000000000000000000101 /* FocusReadApp.swift */; };
		710000000000000000000002 /* RootView.swift in Sources */ = {isa = PBXBuildFile; fileRef = 710000000000000000000102 /* RootView.swift */; };
		710000000000000000000003 /* TextInputView.swift in Sources */ = {isa = PBXBuildFile; fileRef = 710000000000000000000103 /* TextInputView.swift */; };
		710000000000000000000004 /* ReaderView.swift in Sources */ = {isa = PBXBuildFile; fileRef = 710000000000000000000104 /* ReaderView.swift */; };
		710000000000000000000005 /* ReaderControlsView.swift in Sources */ = {isa = PBXBuildFile; fileRef = 710000000000000000000105 /* ReaderControlsView.swift */; };
		710000000000000000000006 /* ReadingToken.swift in Sources */ = {isa = PBXBuildFile; fileRef = 710000000000000000000106 /* ReadingToken.swift */; };
		710000000000000000000007 /* ReadingSession.swift in Sources */ = {isa = PBXBuildFile; fileRef = 710000000000000000000107 /* ReadingSession.swift */; };
		710000000000000000000008 /* TextTokenizer.swift in Sources */ = {isa = PBXBuildFile; fileRef = 710000000000000000000108 /* TextTokenizer.swift */; };
		710000000000000000000009 /* RSVPReadingEngine.swift in Sources */ = {isa = PBXBuildFile; fileRef = 710000000000000000000109 /* RSVPReadingEngine.swift */; };
		71000000000000000000000A /* ReaderViewModel.swift in Sources */ = {isa = PBXBuildFile; fileRef = 71000000000000000000010A /* ReaderViewModel.swift */; };
		71000000000000000000000B /* InputViewModel.swift in Sources */ = {isa = PBXBuildFile; fileRef = 71000000000000000000010B /* InputViewModel.swift */; };
		71000000000000000000000C /* TypographySettings.swift in Sources */ = {isa = PBXBuildFile; fileRef = 71000000000000000000010C /* TypographySettings.swift */; };
		71000000000000000000000D /* TypographySettingsView.swift in Sources */ = {isa = PBXBuildFile; fileRef = 71000000000000000000010D /* TypographySettingsView.swift */; };
		71000000000000000000000E /* AppTheme.swift in Sources */ = {isa = PBXBuildFile; fileRef = 71000000000000000000010F /* AppTheme.swift */; };
		720000000000000000000001 /* DocumentImportModels.swift in Sources */ = {isa = PBXBuildFile; fileRef = 720000000000000000000101 /* DocumentImportModels.swift */; };
		720000000000000000000002 /* DocumentTextExtractor.swift in Sources */ = {isa = PBXBuildFile; fileRef = 720000000000000000000102 /* DocumentTextExtractor.swift */; };
		720000000000000000000003 /* DocumentPickerService.swift in Sources */ = {isa = PBXBuildFile; fileRef = 720000000000000000000103 /* DocumentPickerService.swift */; };
		720000000000000000000004 /* TextFileExtractor.swift in Sources */ = {isa = PBXBuildFile; fileRef = 720000000000000000000104 /* TextFileExtractor.swift */; };
		720000000000000000000005 /* EPUBTextExtractor.swift in Sources */ = {isa = PBXBuildFile; fileRef = 720000000000000000000105 /* EPUBTextExtractor.swift */; };
		720000000000000000000006 /* OCRTextExtractor.swift in Sources */ = {isa = PBXBuildFile; fileRef = 720000000000000000000106 /* OCRTextExtractor.swift */; };
		720000000000000000000007 /* PDFTextExtractor.swift in Sources */ = {isa = PBXBuildFile; fileRef = 720000000000000000000107 /* PDFTextExtractor.swift */; };
		720000000000000000000008 /* DocumentImportService.swift in Sources */ = {isa = PBXBuildFile; fileRef = 720000000000000000000108 /* DocumentImportService.swift */; };
		720000000000000000000009 /* DocumentImportViewModel.swift in Sources */ = {isa = PBXBuildFile; fileRef = 720000000000000000000109 /* DocumentImportViewModel.swift */; };
		72000000000000000000000A /* DocumentImportView.swift in Sources */ = {isa = PBXBuildFile; fileRef = 72000000000000000000010A /* DocumentImportView.swift */; };
		730000000000000000000001 /* ZIPFoundation in Frameworks */ = {isa = PBXBuildFile; productRef = 730000000000000000000101 /* ZIPFoundation */; };
/* End PBXBuildFile section */

/* Begin PBXFileReference section */
		710000000000000000000011 /* FocusRead.app */ = {isa = PBXFileReference; explicitFileType = wrapper.application; includeInIndex = 0; path = FocusRead.app; sourceTree = BUILT_PRODUCTS_DIR; };
		710000000000000000000101 /* FocusReadApp.swift */ = {isa = PBXFileReference; lastKnownFileType = sourcecode.swift; path = FocusReadApp.swift; sourceTree = "<group>"; };
		710000000000000000000102 /* RootView.swift */ = {isa = PBXFileReference; lastKnownFileType = sourcecode.swift; path = RootView.swift; sourceTree = "<group>"; };
		710000000000000000000103 /* TextInputView.swift */ = {isa = PBXFileReference; lastKnownFileType = sourcecode.swift; path = TextInputView.swift; sourceTree = "<group>"; };
		710000000000000000000104 /* ReaderView.swift */ = {isa = PBXFileReference; lastKnownFileType = sourcecode.swift; path = ReaderView.swift; sourceTree = "<group>"; };
		710000000000000000000105 /* ReaderControlsView.swift */ = {isa = PBXFileReference; lastKnownFileType = sourcecode.swift; path = ReaderControlsView.swift; sourceTree = "<group>"; };
		710000000000000000000106 /* ReadingToken.swift */ = {isa = PBXFileReference; lastKnownFileType = sourcecode.swift; path = ReadingToken.swift; sourceTree = "<group>"; };
		710000000000000000000107 /* ReadingSession.swift */ = {isa = PBXFileReference; lastKnownFileType = sourcecode.swift; path = ReadingSession.swift; sourceTree = "<group>"; };
		710000000000000000000108 /* TextTokenizer.swift */ = {isa = PBXFileReference; lastKnownFileType = sourcecode.swift; path = TextTokenizer.swift; sourceTree = "<group>"; };
		710000000000000000000109 /* RSVPReadingEngine.swift */ = {isa = PBXFileReference; lastKnownFileType = sourcecode.swift; path = RSVPReadingEngine.swift; sourceTree = "<group>"; };
		71000000000000000000010A /* ReaderViewModel.swift */ = {isa = PBXFileReference; lastKnownFileType = sourcecode.swift; path = ReaderViewModel.swift; sourceTree = "<group>"; };
		71000000000000000000010B /* InputViewModel.swift */ = {isa = PBXFileReference; lastKnownFileType = sourcecode.swift; path = InputViewModel.swift; sourceTree = "<group>"; };
		71000000000000000000010C /* TypographySettings.swift */ = {isa = PBXFileReference; lastKnownFileType = sourcecode.swift; path = TypographySettings.swift; sourceTree = "<group>"; };
		71000000000000000000010D /* TypographySettingsView.swift */ = {isa = PBXFileReference; lastKnownFileType = sourcecode.swift; path = TypographySettingsView.swift; sourceTree = "<group>"; };
		71000000000000000000010E /* Assets.xcassets */ = {isa = PBXFileReference; lastKnownFileType = folder.assetcatalog; path = Assets.xcassets; sourceTree = "<group>"; };
		71000000000000000000010F /* AppTheme.swift */ = {isa = PBXFileReference; lastKnownFileType = sourcecode.swift; path = AppTheme.swift; sourceTree = "<group>"; };
		720000000000000000000101 /* DocumentImportModels.swift */ = {isa = PBXFileReference; lastKnownFileType = sourcecode.swift; path = DocumentImportModels.swift; sourceTree = "<group>"; };
		720000000000000000000102 /* DocumentTextExtractor.swift */ = {isa = PBXFileReference; lastKnownFileType = sourcecode.swift; path = DocumentTextExtractor.swift; sourceTree = "<group>"; };
		720000000000000000000103 /* DocumentPickerService.swift */ = {isa = PBXFileReference; lastKnownFileType = sourcecode.swift; path = DocumentPickerService.swift; sourceTree = "<group>"; };
		720000000000000000000104 /* TextFileExtractor.swift */ = {isa = PBXFileReference; lastKnownFileType = sourcecode.swift; path = TextFileExtractor.swift; sourceTree = "<group>"; };
		720000000000000000000105 /* EPUBTextExtractor.swift */ = {isa = PBXFileReference; lastKnownFileType = sourcecode.swift; path = EPUBTextExtractor.swift; sourceTree = "<group>"; };
		720000000000000000000106 /* OCRTextExtractor.swift */ = {isa = PBXFileReference; lastKnownFileType = sourcecode.swift; path = OCRTextExtractor.swift; sourceTree = "<group>"; };
		720000000000000000000107 /* PDFTextExtractor.swift */ = {isa = PBXFileReference; lastKnownFileType = sourcecode.swift; path = PDFTextExtractor.swift; sourceTree = "<group>"; };
		720000000000000000000108 /* DocumentImportService.swift */ = {isa = PBXFileReference; lastKnownFileType = sourcecode.swift; path = DocumentImportService.swift; sourceTree = "<group>"; };
		720000000000000000000109 /* DocumentImportViewModel.swift */ = {isa = PBXFileReference; lastKnownFileType = sourcecode.swift; path = DocumentImportViewModel.swift; sourceTree = "<group>"; };
		72000000000000000000010A /* DocumentImportView.swift */ = {isa = PBXFileReference; lastKnownFileType = sourcecode.swift; path = DocumentImportView.swift; sourceTree = "<group>"; };
/* End PBXFileReference section */

/* Begin PBXFrameworksBuildPhase section */
		710000000000000000000020 /* Frameworks */ = {
			isa = PBXFrameworksBuildPhase;
			buildActionMask = 2147483647;
			files = (
				730000000000000000000001 /* ZIPFoundation in Frameworks */,
			);
			runOnlyForDeploymentPostprocessing = 0;
		};
/* End PBXFrameworksBuildPhase section */

/* Begin PBXGroup section */
		710000000000000000000030 = {
			isa = PBXGroup;
			children = (
				710000000000000000000040 /* FocusRead */,
				710000000000000000000050 /* Products */,
			);
			sourceTree = "<group>";
		};
		710000000000000000000040 /* FocusRead */ = {
			isa = PBXGroup;
			children = (
				710000000000000000000101 /* FocusReadApp.swift */,
				710000000000000000000060 /* Models */,
				710000000000000000000061 /* Services */,
				710000000000000000000062 /* ViewModels */,
				710000000000000000000064 /* Theme */,
				710000000000000000000063 /* Views */,
				71000000000000000000010E /* Assets.xcassets */,
			);
			path = FocusRead;
			sourceTree = "<group>";
		};
		710000000000000000000050 /* Products */ = {
			isa = PBXGroup;
			children = (
				710000000000000000000011 /* FocusRead.app */,
			);
			name = Products;
			sourceTree = "<group>";
		};
		710000000000000000000060 /* Models */ = {
			isa = PBXGroup;
			children = (
				710000000000000000000106 /* ReadingToken.swift */,
				710000000000000000000107 /* ReadingSession.swift */,
				71000000000000000000010C /* TypographySettings.swift */,
				720000000000000000000101 /* DocumentImportModels.swift */,
			);
			path = Models;
			sourceTree = "<group>";
		};
		710000000000000000000061 /* Services */ = {
			isa = PBXGroup;
			children = (
				710000000000000000000108 /* TextTokenizer.swift */,
				710000000000000000000109 /* RSVPReadingEngine.swift */,
				720000000000000000000102 /* DocumentTextExtractor.swift */,
				720000000000000000000103 /* DocumentPickerService.swift */,
				720000000000000000000104 /* TextFileExtractor.swift */,
				720000000000000000000105 /* EPUBTextExtractor.swift */,
				720000000000000000000106 /* OCRTextExtractor.swift */,
				720000000000000000000107 /* PDFTextExtractor.swift */,
				720000000000000000000108 /* DocumentImportService.swift */,
			);
			path = Services;
			sourceTree = "<group>";
		};
		710000000000000000000062 /* ViewModels */ = {
			isa = PBXGroup;
			children = (
				71000000000000000000010A /* ReaderViewModel.swift */,
				71000000000000000000010B /* InputViewModel.swift */,
				720000000000000000000109 /* DocumentImportViewModel.swift */,
			);
			path = ViewModels;
			sourceTree = "<group>";
		};
		710000000000000000000063 /* Views */ = {
			isa = PBXGroup;
			children = (
				710000000000000000000102 /* RootView.swift */,
				710000000000000000000103 /* TextInputView.swift */,
				710000000000000000000104 /* ReaderView.swift */,
				710000000000000000000105 /* ReaderControlsView.swift */,
				71000000000000000000010D /* TypographySettingsView.swift */,
				72000000000000000000010A /* DocumentImportView.swift */,
			);
			path = Views;
			sourceTree = "<group>";
		};
		710000000000000000000064 /* Theme */ = {
			isa = PBXGroup;
			children = (
				71000000000000000000010F /* AppTheme.swift */,
			);
			path = Theme;
			sourceTree = "<group>";
		};
/* End PBXGroup section */

/* Begin PBXNativeTarget section */
		710000000000000000000070 /* FocusRead */ = {
			isa = PBXNativeTarget;
			buildConfigurationList = 710000000000000000000090 /* Build configuration list for PBXNativeTarget "FocusRead" */;
			buildPhases = (
				710000000000000000000071 /* Sources */,
				710000000000000000000020 /* Frameworks */,
				710000000000000000000073 /* Resources */,
			);
			buildRules = (
			);
			dependencies = (
			);
			name = FocusRead;
			packageProductDependencies = (
				730000000000000000000101 /* ZIPFoundation */,
			);
			productName = FocusRead;
			productReference = 710000000000000000000011 /* FocusRead.app */;
			productType = "com.apple.product-type.application";
		};
/* End PBXNativeTarget section */

/* Begin PBXProject section */
		710000000000000000000080 /* Project object */ = {
			isa = PBXProject;
			attributes = {
				BuildIndependentTargetsInParallel = 1;
				LastSwiftUpdateCheck = 2640;
				LastUpgradeCheck = 2640;
				TargetAttributes = {
					710000000000000000000070 = {
						CreatedOnToolsVersion = 26.4;
					};
				};
			};
			buildConfigurationList = 710000000000000000000081 /* Build configuration list for PBXProject "FocusRead" */;
			compatibilityVersion = "Xcode 15.0";
			developmentRegion = en;
			hasScannedForEncodings = 0;
			knownRegions = (
				en,
				Base,
			);
			mainGroup = 710000000000000000000030;
			packageReferences = (
				730000000000000000000201 /* XCRemoteSwiftPackageReference "ZIPFoundation" */,
			);
			productRefGroup = 710000000000000000000050 /* Products */;
			projectDirPath = "";
			projectRoot = "";
			targets = (
				710000000000000000000070 /* FocusRead */,
			);
		};
/* End PBXProject section */

/* Begin PBXResourcesBuildPhase section */
		710000000000000000000073 /* Resources */ = {
			isa = PBXResourcesBuildPhase;
			buildActionMask = 2147483647;
			files = (
			);
			runOnlyForDeploymentPostprocessing = 0;
		};
/* End PBXResourcesBuildPhase section */

/* Begin PBXSourcesBuildPhase section */
		710000000000000000000071 /* Sources */ = {
			isa = PBXSourcesBuildPhase;
			buildActionMask = 2147483647;
			files = (
				710000000000000000000001 /* FocusReadApp.swift in Sources */,
				710000000000000000000002 /* RootView.swift in Sources */,
				710000000000000000000003 /* TextInputView.swift in Sources */,
				710000000000000000000004 /* ReaderView.swift in Sources */,
				710000000000000000000005 /* ReaderControlsView.swift in Sources */,
				710000000000000000000006 /* ReadingToken.swift in Sources */,
				710000000000000000000007 /* ReadingSession.swift in Sources */,
				720000000000000000000001 /* DocumentImportModels.swift in Sources */,
				710000000000000000000008 /* TextTokenizer.swift in Sources */,
				710000000000000000000009 /* RSVPReadingEngine.swift in Sources */,
				71000000000000000000000A /* ReaderViewModel.swift in Sources */,
				71000000000000000000000B /* InputViewModel.swift in Sources */,
				720000000000000000000009 /* DocumentImportViewModel.swift in Sources */,
				71000000000000000000000C /* TypographySettings.swift in Sources */,
				720000000000000000000002 /* DocumentTextExtractor.swift in Sources */,
				720000000000000000000003 /* DocumentPickerService.swift in Sources */,
				720000000000000000000004 /* TextFileExtractor.swift in Sources */,
				720000000000000000000005 /* EPUBTextExtractor.swift in Sources */,
				720000000000000000000006 /* OCRTextExtractor.swift in Sources */,
				720000000000000000000007 /* PDFTextExtractor.swift in Sources */,
				720000000000000000000008 /* DocumentImportService.swift in Sources */,
				71000000000000000000000D /* TypographySettingsView.swift in Sources */,
				72000000000000000000000A /* DocumentImportView.swift in Sources */,
				71000000000000000000000E /* AppTheme.swift in Sources */,
			);
			runOnlyForDeploymentPostprocessing = 0;
		};
/* End PBXSourcesBuildPhase section */

/* Begin XCRemoteSwiftPackageReference section */
		730000000000000000000201 /* XCRemoteSwiftPackageReference "ZIPFoundation" */ = {
			isa = XCRemoteSwiftPackageReference;
			repositoryURL = "https://github.com/weichsel/ZIPFoundation";
			requirement = {
				kind = upToNextMajorVersion;
				minimumVersion = 0.9.20;
			};
		};
/* End XCRemoteSwiftPackageReference section */

/* Begin XCSwiftPackageProductDependency section */
		730000000000000000000101 /* ZIPFoundation */ = {
			isa = XCSwiftPackageProductDependency;
			package = 730000000000000000000201 /* XCRemoteSwiftPackageReference "ZIPFoundation" */;
			productName = ZIPFoundation;
		};
/* End XCSwiftPackageProductDependency section */

/* Begin XCBuildConfiguration section */
		710000000000000000000082 /* Debug */ = {
			isa = XCBuildConfiguration;
			buildSettings = {
				ALWAYS_SEARCH_USER_PATHS = NO;
				CLANG_ANALYZER_NONNULL = YES;
				CLANG_ENABLE_MODULES = YES;
				CLANG_ENABLE_OBJC_ARC = YES;
				CLANG_WARN_DOCUMENTATION_COMMENTS = YES;
				CLANG_WARN_QUOTED_INCLUDE_IN_FRAMEWORK_HEADER = YES;
				COPY_PHASE_STRIP = NO;
				DEBUG_INFORMATION_FORMAT = dwarf;
				ENABLE_STRICT_OBJC_MSGSEND = YES;
				ENABLE_TESTABILITY = YES;
				GCC_C_LANGUAGE_STANDARD = gnu17;
				GCC_DYNAMIC_NO_PIC = NO;
				GCC_NO_COMMON_BLOCKS = YES;
				GCC_OPTIMIZATION_LEVEL = 0;
				GCC_PREPROCESSOR_DEFINITIONS = (
					"DEBUG=1",
					"$(inherited)",
				);
				GCC_WARN_64_TO_32_BIT_CONVERSION = YES;
				GCC_WARN_ABOUT_RETURN_TYPE = YES_ERROR;
				GCC_WARN_UNDECLARED_SELECTOR = YES;
				GCC_WARN_UNINITIALIZED_AUTOS = YES_AGGRESSIVE;
				GCC_WARN_UNUSED_FUNCTION = YES;
				GCC_WARN_UNUSED_VARIABLE = YES;
				IPHONEOS_DEPLOYMENT_TARGET = 18.0;
				MTL_ENABLE_DEBUG_INFO = INCLUDE_SOURCE;
				MTL_FAST_MATH = YES;
				SDKROOT = iphoneos;
				SWIFT_ACTIVE_COMPILATION_CONDITIONS = DEBUG;
				SWIFT_OPTIMIZATION_LEVEL = "-Onone";
			};
			name = Debug;
		};
		710000000000000000000083 /* Release */ = {
			isa = XCBuildConfiguration;
			buildSettings = {
				ALWAYS_SEARCH_USER_PATHS = NO;
				CLANG_ANALYZER_NONNULL = YES;
				CLANG_ENABLE_MODULES = YES;
				CLANG_ENABLE_OBJC_ARC = YES;
				CLANG_WARN_DOCUMENTATION_COMMENTS = YES;
				CLANG_WARN_QUOTED_INCLUDE_IN_FRAMEWORK_HEADER = YES;
				COPY_PHASE_STRIP = NO;
				DEBUG_INFORMATION_FORMAT = "dwarf-with-dsym";
				ENABLE_NS_ASSERTIONS = NO;
				ENABLE_STRICT_OBJC_MSGSEND = YES;
				GCC_C_LANGUAGE_STANDARD = gnu17;
				GCC_NO_COMMON_BLOCKS = YES;
				GCC_WARN_64_TO_32_BIT_CONVERSION = YES;
				GCC_WARN_ABOUT_RETURN_TYPE = YES_ERROR;
				GCC_WARN_UNDECLARED_SELECTOR = YES;
				GCC_WARN_UNINITIALIZED_AUTOS = YES_AGGRESSIVE;
				GCC_WARN_UNUSED_FUNCTION = YES;
				GCC_WARN_UNUSED_VARIABLE = YES;
				IPHONEOS_DEPLOYMENT_TARGET = 18.0;
				MTL_ENABLE_DEBUG_INFO = NO;
				MTL_FAST_MATH = YES;
				SDKROOT = iphoneos;
				SWIFT_COMPILATION_MODE = wholemodule;
				SWIFT_OPTIMIZATION_LEVEL = "-O";
				VALIDATE_PRODUCT = YES;
			};
			name = Release;
		};
		710000000000000000000091 /* Debug */ = {
			isa = XCBuildConfiguration;
			buildSettings = {
				CODE_SIGN_STYLE = Automatic;
				CURRENT_PROJECT_VERSION = 1;
				DEVELOPMENT_ASSET_PATHS = "";
				DEVELOPMENT_TEAM = WFH2TCAAQ8;
				ENABLE_PREVIEWS = YES;
				GENERATE_INFOPLIST_FILE = YES;
				INFOPLIST_KEY_CFBundleDisplayName = FocusRead;
				INFOPLIST_KEY_UIApplicationSceneManifest_Generation = YES;
				INFOPLIST_KEY_UIApplicationSupportsIndirectInputEvents = YES;
				INFOPLIST_KEY_UILaunchScreen_Generation = YES;
				INFOPLIST_KEY_UISupportedInterfaceOrientations_iPad = "UIInterfaceOrientationPortrait UIInterfaceOrientationPortraitUpsideDown UIInterfaceOrientationLandscapeLeft UIInterfaceOrientationLandscapeRight";
				INFOPLIST_KEY_UISupportedInterfaceOrientations_iPhone = "UIInterfaceOrientationPortrait UIInterfaceOrientationLandscapeLeft UIInterfaceOrientationLandscapeRight";
				MARKETING_VERSION = 1.0;
				PRODUCT_BUNDLE_IDENTIFIER = com.otoua046.app;
				PRODUCT_NAME = "$(TARGET_NAME)";
				SWIFT_EMIT_LOC_STRINGS = YES;
				SWIFT_VERSION = 6.0;
				TARGETED_DEVICE_FAMILY = "1,2";
			};
			name = Debug;
		};
		710000000000000000000092 /* Release */ = {
			isa = XCBuildConfiguration;
			buildSettings = {
				CODE_SIGN_STYLE = Automatic;
				CURRENT_PROJECT_VERSION = 1;
				DEVELOPMENT_ASSET_PATHS = "";
				DEVELOPMENT_TEAM = WFH2TCAAQ8;
				ENABLE_PREVIEWS = YES;
				GENERATE_INFOPLIST_FILE = YES;
				INFOPLIST_KEY_CFBundleDisplayName = FocusRead;
				INFOPLIST_KEY_UIApplicationSceneManifest_Generation = YES;
				INFOPLIST_KEY_UIApplicationSupportsIndirectInputEvents = YES;
				INFOPLIST_KEY_UILaunchScreen_Generation = YES;
				INFOPLIST_KEY_UISupportedInterfaceOrientations_iPad = "UIInterfaceOrientationPortrait UIInterfaceOrientationPortraitUpsideDown UIInterfaceOrientationLandscapeLeft UIInterfaceOrientationLandscapeRight";
				INFOPLIST_KEY_UISupportedInterfaceOrientations_iPhone = "UIInterfaceOrientationPortrait UIInterfaceOrientationLandscapeLeft UIInterfaceOrientationLandscapeRight";
				MARKETING_VERSION = 1.0;
				PRODUCT_BUNDLE_IDENTIFIER = com.otoua046.app;
				PRODUCT_NAME = "$(TARGET_NAME)";
				SWIFT_EMIT_LOC_STRINGS = YES;
				SWIFT_VERSION = 6.0;
				TARGETED_DEVICE_FAMILY = "1,2";
				VALIDATE_PRODUCT = YES;
			};
			name = Release;
		};
/* End XCBuildConfiguration section */

/* Begin XCConfigurationList section */
		710000000000000000000081 /* Build configuration list for PBXProject "FocusRead" */ = {
			isa = XCConfigurationList;
			buildConfigurations = (
				710000000000000000000082 /* Debug */,
				710000000000000000000083 /* Release */,
			);
			defaultConfigurationIsVisible = 0;
			defaultConfigurationName = Release;
		};
		710000000000000000000090 /* Build configuration list for PBXNativeTarget "FocusRead" */ = {
			isa = XCConfigurationList;
			buildConfigurations = (
				710000000000000000000091 /* Debug */,
				710000000000000000000092 /* Release */,
			);
			defaultConfigurationIsVisible = 0;
			defaultConfigurationName = Release;
		};
/* End XCConfigurationList section */
	};
	rootObject = 710000000000000000000080 /* Project object */;
}
