// !$*UTF8*$!
{
	archiveVersion = 1;
	classes = {
	};
	objectVersion = 60;
	objects = {

/* Begin PBXBuildFile section */
		4BB9D30A2FAACCED00E05D79 /* The Psychology of Persuasion.pdf in Resources */ = {isa = PBXBuildFile; fileRef = 4BB9D3092FAACCED00E05D79 /* The Psychology of Persuasion.pdf */; };
		4BB9D30B2FAACCED00E05D79 /* E001005.pdf in Resources */ = {isa = PBXBuildFile; fileRef = 4BB9D3082FAACCED00E05D79 /* E001005.pdf */; };
		710000000000000000000001 /* FocusReadApp.swift in Sources */ = {isa = PBXBuildFile; fileRef = 710000000000000000000101 /* FocusReadApp.swift */; };
		710000000000000000000002 /* RootView.swift in Sources */ = {isa = PBXBuildFile; fileRef = 710000000000000000000102 /* RootView.swift */; };
		710000000000000000000003 /* FocusReadBackground.swift in Sources */ = {isa = PBXBuildFile; fileRef = 710000000000000000000103 /* FocusReadBackground.swift */; };
		710000000000000000000004 /* ReaderView.swift in Sources */ = {isa = PBXBuildFile; fileRef = 710000000000000000000104 /* ReaderView.swift */; };
		710000000000000000000005 /* ReaderControlsView.swift in Sources */ = {isa = PBXBuildFile; fileRef = 710000000000000000000105 /* ReaderControlsView.swift */; };
		710000000000000000000006 /* ReadingToken.swift in Sources */ = {isa = PBXBuildFile; fileRef = 710000000000000000000106 /* ReadingToken.swift */; };
		710000000000000000000007 /* ReadingSession.swift in Sources */ = {isa = PBXBuildFile; fileRef = 710000000000000000000107 /* ReadingSession.swift */; };
		710000000000000000000008 /* TextTokenizer.swift in Sources */ = {isa = PBXBuildFile; fileRef = 710000000000000000000108 /* TextTokenizer.swift */; };
		710000000000000000000009 /* RSVPReadingEngine.swift in Sources */ = {isa = PBXBuildFile; fileRef = 710000000000000000000109 /* RSVPReadingEngine.swift */; };
		71000000000000000000000A /* ReaderViewModel.swift in Sources */ = {isa = PBXBuildFile; fileRef = 71000000000000000000010A /* ReaderViewModel.swift */; };
		71000000000000000000000B /* InputViewModel.swift in Sources */ = {isa = PBXBuildFile; fileRef = 71000000000000000000010B /* InputViewModel.swift */; };
		71000000000000000000000C /* TypographySettings.swift in Sources */ = {isa = PBXBuildFile; fileRef = 71000000000000000000010C /* TypographySettings.swift */; };
		71000000000000000000000D /* TypographySettingsView.swift in Sources */ = {isa = PBXBuildFile; fileRef = 71000000000000000000010D /* TypographySettingsView.swift */; };
		71000000000000000000000E /* AppTheme.swift in Sources */ = {isa = PBXBuildFile; fileRef = 71000000000000000000010F /* AppTheme.swift */; };
		710000000000000000000123 /* FocusReadControlStyles.swift in Sources */ = {isa = PBXBuildFile; fileRef = 710000000000000000000124 /* FocusReadControlStyles.swift */; };
		71000000000000000000000F /* Assets.xcassets in Resources */ = {isa = PBXBuildFile; fileRef = 71000000000000000000010E /* Assets.xcassets */; };
		710000000000000000000122 /* ReaderActionPaletteView.swift in Sources */ = {isa = PBXBuildFile; fileRef = 710000000000000000000121 /* ReaderActionPaletteView.swift */; };
		720000000000000000000001 /* DocumentImportModels.swift in Sources */ = {isa = PBXBuildFile; fileRef = 720000000000000000000101 /* DocumentImportModels.swift */; };
		720000000000000000000002 /* DocumentTextExtractor.swift in Sources */ = {isa = PBXBuildFile; fileRef = 720000000000000000000102 /* DocumentTextExtractor.swift */; };
		720000000000000000000003 /* DocumentPickerService.swift in Sources */ = {isa = PBXBuildFile; fileRef = 720000000000000000000103 /* DocumentPickerService.swift */; };
		720000000000000000000004 /* TextFileExtractor.swift in Sources */ = {isa = PBXBuildFile; fileRef = 720000000000000000000104 /* TextFileExtractor.swift */; };
		720000000000000000000005 /* EPUBTextExtractor.swift in Sources */ = {isa = PBXBuildFile; fileRef = 720000000000000000000105 /* EPUBTextExtractor.swift */; };
		720000000000000000000006 /* OCRTextExtractor.swift in Sources */ = {isa = PBXBuildFile; fileRef = 720000000000000000000106 /* OCRTextExtractor.swift */; };
		720000000000000000000007 /* PDFTextExtractor.swift in Sources */ = {isa = PBXBuildFile; fileRef = 720000000000000000000107 /* PDFTextExtractor.swift */; };
		720000000000000000000008 /* DocumentImportService.swift in Sources */ = {isa = PBXBuildFile; fileRef = 720000000000000000000108 /* DocumentImportService.swift */; };
		720000000000000000000009 /* DocumentImportViewModel.swift in Sources */ = {isa = PBXBuildFile; fileRef = 720000000000000000000109 /* DocumentImportViewModel.swift */; };
		72000000000000000000000A /* DocumentImportView.swift in Sources */ = {isa = PBXBuildFile; fileRef = 72000000000000000000010A /* DocumentImportView.swift */; };
		72000000000000000000000B /* SmartCleanupService.swift in Sources */ = {isa = PBXBuildFile; fileRef = 72000000000000000000010B /* SmartCleanupService.swift */; };
		72000000000000000000000C /* DocumentStructureAnalyzerService.swift in Sources */ = {isa = PBXBuildFile; fileRef = 72000000000000000000010C /* DocumentStructureAnalyzerService.swift */; };
		72000000000000000000000D /* SavedRead.swift in Sources */ = {isa = PBXBuildFile; fileRef = 72000000000000000000010D /* SavedRead.swift */; };
		72000000000000000000000E /* ReadingHistoryStore.swift in Sources */ = {isa = PBXBuildFile; fileRef = 72000000000000000000010E /* ReadingHistoryStore.swift */; };
		72000000000000000000000F /* LocalReadingHistoryStore.swift in Sources */ = {isa = PBXBuildFile; fileRef = 72000000000000000000010F /* LocalReadingHistoryStore.swift */; };
		720000000000000000000010 /* SavedReadMapper.swift in Sources */ = {isa = PBXBuildFile; fileRef = 720000000000000000000110 /* SavedReadMapper.swift */; };
		720000000000000000000011 /* HistorySidebarView.swift in Sources */ = {isa = PBXBuildFile; fileRef = 720000000000000000000111 /* HistorySidebarView.swift */; };
		720000000000000000000012 /* WordLookupService.swift in Sources */ = {isa = PBXBuildFile; fileRef = 720000000000000000000112 /* WordLookupService.swift */; };
		720000000000000000000013 /* DictionaryLookupView.swift in Sources */ = {isa = PBXBuildFile; fileRef = 720000000000000000000113 /* DictionaryLookupView.swift */; };
		720000000000000000000014 /* ImageOCRImportService.swift in Sources */ = {isa = PBXBuildFile; fileRef = 720000000000000000000114 /* ImageOCRImportService.swift */; };
		720000000000000000000015 /* CameraCaptureView.swift in Sources */ = {isa = PBXBuildFile; fileRef = 720000000000000000000115 /* CameraCaptureView.swift */; };
		720000000000000000000016 /* PhotoLibraryPicker.swift in Sources */ = {isa = PBXBuildFile; fileRef = 720000000000000000000116 /* PhotoLibraryPicker.swift */; };
		720000000000000000000017 /* ReaderSearchService.swift in Sources */ = {isa = PBXBuildFile; fileRef = 720000000000000000000117 /* ReaderSearchService.swift */; };
		720000000000000000000018 /* GoToViewModel.swift in Sources */ = {isa = PBXBuildFile; fileRef = 720000000000000000000118 /* GoToViewModel.swift */; };
		720000000000000000000019 /* GoToNavigationView.swift in Sources */ = {isa = PBXBuildFile; fileRef = 720000000000000000000119 /* GoToNavigationView.swift */; };
		72000000000000000000001A /* LibraryViewModel.swift in Sources */ = {isa = PBXBuildFile; fileRef = 72000000000000000000011A /* LibraryViewModel.swift */; };
		72000000000000000000001B /* ThumbnailGeneratorService.swift in Sources */ = {isa = PBXBuildFile; fileRef = 720000000000000000000120 /* ThumbnailGeneratorService.swift */; };
		72000000000000000000001C /* NativeSearchBarView.swift in Sources */ = {isa = PBXBuildFile; fileRef = 72000000000000000000011C /* NativeSearchBarView.swift */; };
		72D000000000000000000001 /* DiscoverBook.swift in Sources */ = {isa = PBXBuildFile; fileRef = 72D000000000000000000101 /* DiscoverBook.swift */; };
		72D000000000000000000002 /* GutenbergDiscoveryService.swift in Sources */ = {isa = PBXBuildFile; fileRef = 72D000000000000000000102 /* GutenbergDiscoveryService.swift */; };
		72D000000000000000000003 /* OpenLibraryDiscoveryService.swift in Sources */ = {isa = PBXBuildFile; fileRef = 72D000000000000000000103 /* OpenLibraryDiscoveryService.swift */; };
		72D000000000000000000004 /* DiscoverService.swift in Sources */ = {isa = PBXBuildFile; fileRef = 72D000000000000000000104 /* DiscoverService.swift */; };
		72D000000000000000000005 /* DiscoverViewModel.swift in Sources */ = {isa = PBXBuildFile; fileRef = 72D000000000000000000105 /* DiscoverViewModel.swift */; };
		72D000000000000000000006 /* DiscoverView.swift in Sources */ = {isa = PBXBuildFile; fileRef = 72D000000000000000000106 /* DiscoverView.swift */; };
		72D000000000000000000007 /* DiscoverNetworkClient.swift in Sources */ = {isa = PBXBuildFile; fileRef = 72D000000000000000000107 /* DiscoverNetworkClient.swift */; };
		730000000000000000000001 /* ZIPFoundation in Frameworks */ = {isa = PBXBuildFile; productRef = 730000000000000000000101 /* ZIPFoundation */; };
		740000000000000000000001 /* EPUBTextExtractorTests.swift in Sources */ = {isa = PBXBuildFile; fileRef = 740000000000000000000101 /* EPUBTextExtractorTests.swift */; };
		740000000000000000000002 /* minimal.epub in Resources */ = {isa = PBXBuildFile; fileRef = 740000000000000000000102 /* minimal.epub */; };
		740000000000000000000003 /* jane-austen_pride-and-prejudice.epub in Resources */ = {isa = PBXBuildFile; fileRef = 740000000000000000000103 /* jane-austen_pride-and-prejudice.epub */; };
		740000000000000000000004 /* accessible_epub_3.epub in Resources */ = {isa = PBXBuildFile; fileRef = 740000000000000000000104 /* accessible_epub_3.epub */; };
		740000000000000000000005 /* pg1342-images-3.epub in Resources */ = {isa = PBXBuildFile; fileRef = 740000000000000000000105 /* pg1342-images-3.epub */; };
		740000000000000000000006 /* WordLookupServiceTests.swift in Sources */ = {isa = PBXBuildFile; fileRef = 740000000000000000000106 /* WordLookupServiceTests.swift */; };
		740000000000000000000007 /* ReaderSearchServiceTests.swift in Sources */ = {isa = PBXBuildFile; fileRef = 740000000000000000000107 /* ReaderSearchServiceTests.swift */; };
		740000000000000000000008 /* ReaderViewModelTests.swift in Sources */ = {isa = PBXBuildFile; fileRef = 740000000000000000000108 /* ReaderViewModelTests.swift */; };
		740000000000000000000009 /* ThumbnailImageNormalizerTests.swift in Sources */ = {isa = PBXBuildFile; fileRef = 740000000000000000000109 /* ThumbnailImageNormalizerTests.swift */; };
		74000000000000000000000A /* OnboardingMigrationTests.swift in Sources */ = {isa = PBXBuildFile; fileRef = 74000000000000000000010A /* OnboardingMigrationTests.swift */; };
		74D000000000000000000001 /* DiscoverMappingTests.swift in Sources */ = {isa = PBXBuildFile; fileRef = 74D000000000000000000101 /* DiscoverMappingTests.swift */; };
		750000000000000000000001 /* ReadingStats.swift in Sources */ = {isa = PBXBuildFile; fileRef = 750000000000000000000101 /* ReadingStats.swift */; };
		750000000000000000000002 /* ReadingStatsStore.swift in Sources */ = {isa = PBXBuildFile; fileRef = 750000000000000000000102 /* ReadingStatsStore.swift */; };
		750000000000000000000003 /* StatsView.swift in Sources */ = {isa = PBXBuildFile; fileRef = 750000000000000000000103 /* StatsView.swift */; };
		750000000000000000000004 /* ReadingStatsStoreTests.swift in Sources */ = {isa = PBXBuildFile; fileRef = 750000000000000000000104 /* ReadingStatsStoreTests.swift */; };
		760000000000000000000001 /* AIRecap.swift in Sources */ = {isa = PBXBuildFile; fileRef = 760000000000000000000101 /* AIRecap.swift */; };
		760000000000000000000002 /* AIRecapStore.swift in Sources */ = {isa = PBXBuildFile; fileRef = 760000000000000000000102 /* AIRecapStore.swift */; };
		760000000000000000000003 /* AIRecapStoreTests.swift in Sources */ = {isa = PBXBuildFile; fileRef = 760000000000000000000103 /* AIRecapStoreTests.swift */; };
		760000000000000000000004 /* AIRecapService.swift in Sources */ = {isa = PBXBuildFile; fileRef = 760000000000000000000104 /* AIRecapService.swift */; };
		760000000000000000000005 /* AIRecapServiceTests.swift in Sources */ = {isa = PBXBuildFile; fileRef = 760000000000000000000105 /* AIRecapServiceTests.swift */; };
		760000000000000000000006 /* AIRecapViewModel.swift in Sources */ = {isa = PBXBuildFile; fileRef = 760000000000000000000106 /* AIRecapViewModel.swift */; };
		760000000000000000000007 /* AIRecapView.swift in Sources */ = {isa = PBXBuildFile; fileRef = 760000000000000000000107 /* AIRecapView.swift */; };
		760000000000000000000008 /* AIRecapSettings.swift in Sources */ = {isa = PBXBuildFile; fileRef = 760000000000000000000108 /* AIRecapSettings.swift */; };
		760000000000000000000009 /* AIRecapSettingsTests.swift in Sources */ = {isa = PBXBuildFile; fileRef = 760000000000000000000109 /* AIRecapSettingsTests.swift */; };
		770000000000000000000001 /* AppLocalization.swift in Sources */ = {isa = PBXBuildFile; fileRef = 770000000000000000000101 /* AppLocalization.swift */; };
		770000000000000000000002 /* AppLanguageSettingsView.swift in Sources */ = {isa = PBXBuildFile; fileRef = 770000000000000000000102 /* AppLanguageSettingsView.swift */; };
		770000000000000000000003 /* Localizable.strings in Resources */ = {isa = PBXBuildFile; fileRef = 770000000000000000000201 /* Localizable.strings */; };
		770000000000000000000004 /* InfoPlist.strings in Resources */ = {isa = PBXBuildFile; fileRef = 770000000000000000000202 /* InfoPlist.strings */; };
		780000000000000000000001 /* CloudSyncModels.swift in Sources */ = {isa = PBXBuildFile; fileRef = 780000000000000000000101 /* CloudSyncModels.swift */; };
		780000000000000000000002 /* CloudKitService.swift in Sources */ = {isa = PBXBuildFile; fileRef = 780000000000000000000102 /* CloudKitService.swift */; };
		780000000000000000000003 /* SyncConflictResolver.swift in Sources */ = {isa = PBXBuildFile; fileRef = 780000000000000000000103 /* SyncConflictResolver.swift */; };
		780000000000000000000004 /* LocalToCloudMigrationService.swift in Sources */ = {isa = PBXBuildFile; fileRef = 780000000000000000000104 /* LocalToCloudMigrationService.swift */; };
		780000000000000000000005 /* CloudSyncManager.swift in Sources */ = {isa = PBXBuildFile; fileRef = 780000000000000000000105 /* CloudSyncManager.swift */; };
		780000000000000000000006 /* CloudSyncTests.swift in Sources */ = {isa = PBXBuildFile; fileRef = 780000000000000000000106 /* CloudSyncTests.swift */; };
		780000000000000000000009 /* CloudSyncSettingsView.swift in Sources */ = {isa = PBXBuildFile; fileRef = 780000000000000000000108 /* CloudSyncSettingsView.swift */; };
		790000000000000000000001 /* FocusReadWidgetShared.swift in Sources */ = {isa = PBXBuildFile; fileRef = 790000000000000000000107 /* FocusReadWidgetShared.swift */; };
		790000000000000000000002 /* FocusReadWidgetShared.swift in Sources */ = {isa = PBXBuildFile; fileRef = 790000000000000000000107 /* FocusReadWidgetShared.swift */; };
		790000000000000000000003 /* FocusReadStatsWidgetBundle.swift in Sources */ = {isa = PBXBuildFile; fileRef = 790000000000000000000101 /* FocusReadStatsWidgetBundle.swift */; };
		790000000000000000000004 /* FocusReadStatsWidget.swift in Sources */ = {isa = PBXBuildFile; fileRef = 790000000000000000000102 /* FocusReadStatsWidget.swift */; };
		790000000000000000000005 /* FocusReadStatsWidgetViews.swift in Sources */ = {isa = PBXBuildFile; fileRef = 790000000000000000000103 /* FocusReadStatsWidgetViews.swift */; };
		790000000000000000000006 /* FocusReadWidgetTheme.swift in Sources */ = {isa = PBXBuildFile; fileRef = 790000000000000000000104 /* FocusReadWidgetTheme.swift */; };
		790000000000000000000007 /* FocusReadStatsWidgets.appex in Embed App Extensions */ = {isa = PBXBuildFile; fileRef = 790000000000000000000011 /* FocusReadStatsWidgets.appex */; settings = {ATTRIBUTES = (RemoveHeadersOnCopy, ); }; };
		7A0000000000000000000001 /* OnboardingStep.swift in Sources */ = {isa = PBXBuildFile; fileRef = 7A0000000000000000000101 /* OnboardingStep.swift */; };
		7A0000000000000000000002 /* FocusReadOnboardingView.swift in Sources */ = {isa = PBXBuildFile; fileRef = 7A0000000000000000000102 /* FocusReadOnboardingView.swift */; };
		7A0000000000000000000003 /* OnboardingRSVPDemoView.swift in Sources */ = {isa = PBXBuildFile; fileRef = 7A0000000000000000000103 /* OnboardingRSVPDemoView.swift */; };
		7A0000000000000000000004 /* OnboardingComparisonView.swift in Sources */ = {isa = PBXBuildFile; fileRef = 7A0000000000000000000104 /* OnboardingComparisonView.swift */; };
		7A0000000000000000000005 /* OnboardingWPMSetupView.swift in Sources */ = {isa = PBXBuildFile; fileRef = 7A0000000000000000000105 /* OnboardingWPMSetupView.swift */; };
		7A0000000000000000000006 /* OnboardingGoalPickerView.swift in Sources */ = {isa = PBXBuildFile; fileRef = 7A0000000000000000000106 /* OnboardingGoalPickerView.swift */; };
		7A0000000000000000000007 /* OnboardingThemePickerView.swift in Sources */ = {isa = PBXBuildFile; fileRef = 7A0000000000000000000107 /* OnboardingThemePickerView.swift */; };
		7A0000000000000000000008 /* OnboardingAIRecapDemoView.swift in Sources */ = {isa = PBXBuildFile; fileRef = 7A0000000000000000000108 /* OnboardingAIRecapDemoView.swift */; };
		7A0000000000000000000009 /* OnboardingFinishView.swift in Sources */ = {isa = PBXBuildFile; fileRef = 7A0000000000000000000109 /* OnboardingFinishView.swift */; };
		7A000000000000000000000A /* OnboardingPromiseView.swift in Sources */ = {isa = PBXBuildFile; fileRef = 7A000000000000000000010A /* OnboardingPromiseView.swift */; };
/* End PBXBuildFile section */

/* Begin PBXContainerItemProxy section */
		740000000000000000000201 /* PBXContainerItemProxy */ = {
			isa = PBXContainerItemProxy;
			containerPortal = 710000000000000000000080 /* Project object */;
			proxyType = 1;
			remoteGlobalIDString = 710000000000000000000070;
			remoteInfo = FocusRead;
		};
		790000000000000000000201 /* PBXContainerItemProxy */ = {
			isa = PBXContainerItemProxy;
			containerPortal = 710000000000000000000080 /* Project object */;
			proxyType = 1;
			remoteGlobalIDString = 790000000000000000000070;
			remoteInfo = FocusReadStatsWidgets;
		};
/* End PBXContainerItemProxy section */

/* Begin PBXCopyFilesBuildPhase section */
		790000000000000000000074 /* Embed App Extensions */ = {
			isa = PBXCopyFilesBuildPhase;
			buildActionMask = 2147483647;
			dstPath = "";
			dstSubfolderSpec = 13;
			files = (
				790000000000000000000007 /* FocusReadStatsWidgets.appex in Embed App Extensions */,
			);
			name = "Embed App Extensions";
			runOnlyForDeploymentPostprocessing = 0;
		};
/* End PBXCopyFilesBuildPhase section */

/* Begin PBXFileReference section */
		4BB9D3082FAACCED00E05D79 /* E001005.pdf */ = {isa = PBXFileReference; lastKnownFileType = image.pdf; path = E001005.pdf; sourceTree = "<group>"; };
		4BB9D3092FAACCED00E05D79 /* The Psychology of Persuasion.pdf */ = {isa = PBXFileReference; lastKnownFileType = image.pdf; path = "The Psychology of Persuasion.pdf"; sourceTree = "<group>"; };
		710000000000000000000011 /* FocusRead.app */ = {isa = PBXFileReference; explicitFileType = wrapper.application; includeInIndex = 0; path = FocusRead.app; sourceTree = BUILT_PRODUCTS_DIR; };
		710000000000000000000101 /* FocusReadApp.swift */ = {isa = PBXFileReference; lastKnownFileType = sourcecode.swift; path = FocusReadApp.swift; sourceTree = "<group>"; };
		710000000000000000000102 /* RootView.swift */ = {isa = PBXFileReference; lastKnownFileType = sourcecode.swift; path = RootView.swift; sourceTree = "<group>"; };
		710000000000000000000103 /* FocusReadBackground.swift */ = {isa = PBXFileReference; lastKnownFileType = sourcecode.swift; path = FocusReadBackground.swift; sourceTree = "<group>"; };
		710000000000000000000104 /* ReaderView.swift */ = {isa = PBXFileReference; lastKnownFileType = sourcecode.swift; path = ReaderView.swift; sourceTree = "<group>"; };
		710000000000000000000105 /* ReaderControlsView.swift */ = {isa = PBXFileReference; lastKnownFileType = sourcecode.swift; path = ReaderControlsView.swift; sourceTree = "<group>"; };
		710000000000000000000106 /* ReadingToken.swift */ = {isa = PBXFileReference; lastKnownFileType = sourcecode.swift; path = ReadingToken.swift; sourceTree = "<group>"; };
		710000000000000000000107 /* ReadingSession.swift */ = {isa = PBXFileReference; lastKnownFileType = sourcecode.swift; path = ReadingSession.swift; sourceTree = "<group>"; };
		710000000000000000000108 /* TextTokenizer.swift */ = {isa = PBXFileReference; lastKnownFileType = sourcecode.swift; path = TextTokenizer.swift; sourceTree = "<group>"; };
		710000000000000000000109 /* RSVPReadingEngine.swift */ = {isa = PBXFileReference; lastKnownFileType = sourcecode.swift; path = RSVPReadingEngine.swift; sourceTree = "<group>"; };
		71000000000000000000010A /* ReaderViewModel.swift */ = {isa = PBXFileReference; lastKnownFileType = sourcecode.swift; path = ReaderViewModel.swift; sourceTree = "<group>"; };
		71000000000000000000010B /* InputViewModel.swift */ = {isa = PBXFileReference; lastKnownFileType = sourcecode.swift; path = InputViewModel.swift; sourceTree = "<group>"; };
		71000000000000000000010C /* TypographySettings.swift */ = {isa = PBXFileReference; lastKnownFileType = sourcecode.swift; path = TypographySettings.swift; sourceTree = "<group>"; };
		71000000000000000000010D /* TypographySettingsView.swift */ = {isa = PBXFileReference; lastKnownFileType = sourcecode.swift; path = TypographySettingsView.swift; sourceTree = "<group>"; };
		71000000000000000000010E /* Assets.xcassets */ = {isa = PBXFileReference; lastKnownFileType = folder.assetcatalog; path = Assets.xcassets; sourceTree = "<group>"; };
		71000000000000000000010F /* AppTheme.swift */ = {isa = PBXFileReference; lastKnownFileType = sourcecode.swift; path = AppTheme.swift; sourceTree = "<group>"; };
		710000000000000000000124 /* FocusReadControlStyles.swift */ = {isa = PBXFileReference; lastKnownFileType = sourcecode.swift; path = FocusReadControlStyles.swift; sourceTree = "<group>"; };
		710000000000000000000121 /* ReaderActionPaletteView.swift */ = {isa = PBXFileReference; lastKnownFileType = sourcecode.swift; path = ReaderActionPaletteView.swift; sourceTree = "<group>"; };
		720000000000000000000101 /* DocumentImportModels.swift */ = {isa = PBXFileReference; lastKnownFileType = sourcecode.swift; path = DocumentImportModels.swift; sourceTree = "<group>"; };
		720000000000000000000102 /* DocumentTextExtractor.swift */ = {isa = PBXFileReference; lastKnownFileType = sourcecode.swift; path = DocumentTextExtractor.swift; sourceTree = "<group>"; };
		720000000000000000000103 /* DocumentPickerService.swift */ = {isa = PBXFileReference; lastKnownFileType = sourcecode.swift; path = DocumentPickerService.swift; sourceTree = "<group>"; };
		720000000000000000000104 /* TextFileExtractor.swift */ = {isa = PBXFileReference; lastKnownFileType = sourcecode.swift; path = TextFileExtractor.swift; sourceTree = "<group>"; };
		720000000000000000000105 /* EPUBTextExtractor.swift */ = {isa = PBXFileReference; lastKnownFileType = sourcecode.swift; path = EPUBTextExtractor.swift; sourceTree = "<group>"; };
		720000000000000000000106 /* OCRTextExtractor.swift */ = {isa = PBXFileReference; lastKnownFileType = sourcecode.swift; path = OCRTextExtractor.swift; sourceTree = "<group>"; };
		720000000000000000000107 /* PDFTextExtractor.swift */ = {isa = PBXFileReference; lastKnownFileType = sourcecode.swift; path = PDFTextExtractor.swift; sourceTree = "<group>"; };
		720000000000000000000108 /* DocumentImportService.swift */ = {isa = PBXFileReference; lastKnownFileType = sourcecode.swift; path = DocumentImportService.swift; sourceTree = "<group>"; };
		720000000000000000000109 /* DocumentImportViewModel.swift */ = {isa = PBXFileReference; lastKnownFileType = sourcecode.swift; path = DocumentImportViewModel.swift; sourceTree = "<group>"; };
		72000000000000000000010A /* DocumentImportView.swift */ = {isa = PBXFileReference; lastKnownFileType = sourcecode.swift; path = DocumentImportView.swift; sourceTree = "<group>"; };
		72000000000000000000010B /* SmartCleanupService.swift */ = {isa = PBXFileReference; lastKnownFileType = sourcecode.swift; path = SmartCleanupService.swift; sourceTree = "<group>"; };
		72000000000000000000010C /* DocumentStructureAnalyzerService.swift */ = {isa = PBXFileReference; lastKnownFileType = sourcecode.swift; path = DocumentStructureAnalyzerService.swift; sourceTree = "<group>"; };
		72000000000000000000010D /* SavedRead.swift */ = {isa = PBXFileReference; lastKnownFileType = sourcecode.swift; path = SavedRead.swift; sourceTree = "<group>"; };
		72000000000000000000010E /* ReadingHistoryStore.swift */ = {isa = PBXFileReference; lastKnownFileType = sourcecode.swift; path = ReadingHistoryStore.swift; sourceTree = "<group>"; };
		72000000000000000000010F /* LocalReadingHistoryStore.swift */ = {isa = PBXFileReference; lastKnownFileType = sourcecode.swift; path = LocalReadingHistoryStore.swift; sourceTree = "<group>"; };
		720000000000000000000110 /* SavedReadMapper.swift */ = {isa = PBXFileReference; lastKnownFileType = sourcecode.swift; path = SavedReadMapper.swift; sourceTree = "<group>"; };
		720000000000000000000111 /* HistorySidebarView.swift */ = {isa = PBXFileReference; lastKnownFileType = sourcecode.swift; path = HistorySidebarView.swift; sourceTree = "<group>"; };
		720000000000000000000112 /* WordLookupService.swift */ = {isa = PBXFileReference; lastKnownFileType = sourcecode.swift; path = WordLookupService.swift; sourceTree = "<group>"; };
		720000000000000000000113 /* DictionaryLookupView.swift */ = {isa = PBXFileReference; lastKnownFileType = sourcecode.swift; path = DictionaryLookupView.swift; sourceTree = "<group>"; };
		720000000000000000000114 /* ImageOCRImportService.swift */ = {isa = PBXFileReference; lastKnownFileType = sourcecode.swift; path = ImageOCRImportService.swift; sourceTree = "<group>"; };
		720000000000000000000115 /* CameraCaptureView.swift */ = {isa = PBXFileReference; lastKnownFileType = sourcecode.swift; path = CameraCaptureView.swift; sourceTree = "<group>"; };
		720000000000000000000116 /* PhotoLibraryPicker.swift */ = {isa = PBXFileReference; lastKnownFileType = sourcecode.swift; path = PhotoLibraryPicker.swift; sourceTree = "<group>"; };
		720000000000000000000117 /* ReaderSearchService.swift */ = {isa = PBXFileReference; lastKnownFileType = sourcecode.swift; path = ReaderSearchService.swift; sourceTree = "<group>"; };
		720000000000000000000118 /* GoToViewModel.swift */ = {isa = PBXFileReference; lastKnownFileType = sourcecode.swift; path = GoToViewModel.swift; sourceTree = "<group>"; };
		720000000000000000000119 /* GoToNavigationView.swift */ = {isa = PBXFileReference; lastKnownFileType = sourcecode.swift; path = GoToNavigationView.swift; sourceTree = "<group>"; };
		72000000000000000000011A /* LibraryViewModel.swift */ = {isa = PBXFileReference; lastKnownFileType = sourcecode.swift; path = LibraryViewModel.swift; sourceTree = "<group>"; };
		72000000000000000000011C /* NativeSearchBarView.swift */ = {isa = PBXFileReference; lastKnownFileType = sourcecode.swift; path = NativeSearchBarView.swift; sourceTree = "<group>"; };
		720000000000000000000120 /* ThumbnailGeneratorService.swift */ = {isa = PBXFileReference; lastKnownFileType = sourcecode.swift; path = ThumbnailGeneratorService.swift; sourceTree = "<group>"; };
		72D000000000000000000101 /* DiscoverBook.swift */ = {isa = PBXFileReference; lastKnownFileType = sourcecode.swift; path = DiscoverBook.swift; sourceTree = "<group>"; };
		72D000000000000000000102 /* GutenbergDiscoveryService.swift */ = {isa = PBXFileReference; lastKnownFileType = sourcecode.swift; path = GutenbergDiscoveryService.swift; sourceTree = "<group>"; };
		72D000000000000000000103 /* OpenLibraryDiscoveryService.swift */ = {isa = PBXFileReference; lastKnownFileType = sourcecode.swift; path = OpenLibraryDiscoveryService.swift; sourceTree = "<group>"; };
		72D000000000000000000104 /* DiscoverService.swift */ = {isa = PBXFileReference; lastKnownFileType = sourcecode.swift; path = DiscoverService.swift; sourceTree = "<group>"; };
		72D000000000000000000105 /* DiscoverViewModel.swift */ = {isa = PBXFileReference; lastKnownFileType = sourcecode.swift; path = DiscoverViewModel.swift; sourceTree = "<group>"; };
		72D000000000000000000106 /* DiscoverView.swift */ = {isa = PBXFileReference; lastKnownFileType = sourcecode.swift; path = DiscoverView.swift; sourceTree = "<group>"; };
		72D000000000000000000107 /* DiscoverNetworkClient.swift */ = {isa = PBXFileReference; lastKnownFileType = sourcecode.swift; path = DiscoverNetworkClient.swift; sourceTree = "<group>"; };
		740000000000000000000011 /* FocusReadTests.xctest */ = {isa = PBXFileReference; explicitFileType = wrapper.cfbundle; includeInIndex = 0; path = FocusReadTests.xctest; sourceTree = BUILT_PRODUCTS_DIR; };
		740000000000000000000101 /* EPUBTextExtractorTests.swift */ = {isa = PBXFileReference; lastKnownFileType = sourcecode.swift; path = EPUBTextExtractorTests.swift; sourceTree = "<group>"; };
		740000000000000000000102 /* minimal.epub */ = {isa = PBXFileReference; lastKnownFileType = file; path = minimal.epub; sourceTree = "<group>"; };
		740000000000000000000103 /* jane-austen_pride-and-prejudice.epub */ = {isa = PBXFileReference; lastKnownFileType = file; path = "jane-austen_pride-and-prejudice.epub"; sourceTree = "<group>"; };
		740000000000000000000104 /* accessible_epub_3.epub */ = {isa = PBXFileReference; lastKnownFileType = file; path = accessible_epub_3.epub; sourceTree = "<group>"; };
		740000000000000000000105 /* pg1342-images-3.epub */ = {isa = PBXFileReference; lastKnownFileType = file; path = "pg1342-images-3.epub"; sourceTree = "<group>"; };
		740000000000000000000106 /* WordLookupServiceTests.swift */ = {isa = PBXFileReference; lastKnownFileType = sourcecode.swift; path = WordLookupServiceTests.swift; sourceTree = "<group>"; };
		740000000000000000000107 /* ReaderSearchServiceTests.swift */ = {isa = PBXFileReference; lastKnownFileType = sourcecode.swift; path = ReaderSearchServiceTests.swift; sourceTree = "<group>"; };
		740000000000000000000108 /* ReaderViewModelTests.swift */ = {isa = PBXFileReference; lastKnownFileType = sourcecode.swift; path = ReaderViewModelTests.swift; sourceTree = "<group>"; };
		740000000000000000000109 /* ThumbnailImageNormalizerTests.swift */ = {isa = PBXFileReference; lastKnownFileType = sourcecode.swift; path = ThumbnailImageNormalizerTests.swift; sourceTree = "<group>"; };
		74000000000000000000010A /* OnboardingMigrationTests.swift */ = {isa = PBXFileReference; lastKnownFileType = sourcecode.swift; path = OnboardingMigrationTests.swift; sourceTree = "<group>"; };
		74D000000000000000000101 /* DiscoverMappingTests.swift */ = {isa = PBXFileReference; lastKnownFileType = sourcecode.swift; path = DiscoverMappingTests.swift; sourceTree = "<group>"; };
		750000000000000000000101 /* ReadingStats.swift */ = {isa = PBXFileReference; lastKnownFileType = sourcecode.swift; path = ReadingStats.swift; sourceTree = "<group>"; };
		750000000000000000000102 /* ReadingStatsStore.swift */ = {isa = PBXFileReference; lastKnownFileType = sourcecode.swift; path = ReadingStatsStore.swift; sourceTree = "<group>"; };
		750000000000000000000103 /* StatsView.swift */ = {isa = PBXFileReference; lastKnownFileType = sourcecode.swift; path = StatsView.swift; sourceTree = "<group>"; };
		750000000000000000000104 /* ReadingStatsStoreTests.swift */ = {isa = PBXFileReference; lastKnownFileType = sourcecode.swift; path = ReadingStatsStoreTests.swift; sourceTree = "<group>"; };
		760000000000000000000101 /* AIRecap.swift */ = {isa = PBXFileReference; lastKnownFileType = sourcecode.swift; path = AIRecap.swift; sourceTree = "<group>"; };
		760000000000000000000102 /* AIRecapStore.swift */ = {isa = PBXFileReference; lastKnownFileType = sourcecode.swift; path = AIRecapStore.swift; sourceTree = "<group>"; };
		760000000000000000000103 /* AIRecapStoreTests.swift */ = {isa = PBXFileReference; lastKnownFileType = sourcecode.swift; path = AIRecapStoreTests.swift; sourceTree = "<group>"; };
		760000000000000000000104 /* AIRecapService.swift */ = {isa = PBXFileReference; lastKnownFileType = sourcecode.swift; path = AIRecapService.swift; sourceTree = "<group>"; };
		760000000000000000000105 /* AIRecapServiceTests.swift */ = {isa = PBXFileReference; lastKnownFileType = sourcecode.swift; path = AIRecapServiceTests.swift; sourceTree = "<group>"; };
		760000000000000000000106 /* AIRecapViewModel.swift */ = {isa = PBXFileReference; lastKnownFileType = sourcecode.swift; path = AIRecapViewModel.swift; sourceTree = "<group>"; };
		760000000000000000000107 /* AIRecapView.swift */ = {isa = PBXFileReference; lastKnownFileType = sourcecode.swift; path = AIRecapView.swift; sourceTree = "<group>"; };
		760000000000000000000108 /* AIRecapSettings.swift */ = {isa = PBXFileReference; lastKnownFileType = sourcecode.swift; path = AIRecapSettings.swift; sourceTree = "<group>"; };
		760000000000000000000109 /* AIRecapSettingsTests.swift */ = {isa = PBXFileReference; lastKnownFileType = sourcecode.swift; path = AIRecapSettingsTests.swift; sourceTree = "<group>"; };
		770000000000000000000101 /* AppLocalization.swift */ = {isa = PBXFileReference; lastKnownFileType = sourcecode.swift; path = AppLocalization.swift; sourceTree = "<group>"; };
		770000000000000000000102 /* AppLanguageSettingsView.swift */ = {isa = PBXFileReference; lastKnownFileType = sourcecode.swift; path = AppLanguageSettingsView.swift; sourceTree = "<group>"; };
		770000000000000000000301 /* en */ = {isa = PBXFileReference; lastKnownFileType = text.plist.strings; name = en; path = en.lproj/Localizable.strings; sourceTree = "<group>"; };
		770000000000000000000302 /* fr */ = {isa = PBXFileReference; lastKnownFileType = text.plist.strings; name = fr; path = fr.lproj/Localizable.strings; sourceTree = "<group>"; };
		770000000000000000000303 /* es */ = {isa = PBXFileReference; lastKnownFileType = text.plist.strings; name = es; path = es.lproj/Localizable.strings; sourceTree = "<group>"; };
		770000000000000000000304 /* ar */ = {isa = PBXFileReference; lastKnownFileType = text.plist.strings; name = ar; path = ar.lproj/Localizable.strings; sourceTree = "<group>"; };
		770000000000000000000305 /* de */ = {isa = PBXFileReference; lastKnownFileType = text.plist.strings; name = de; path = de.lproj/Localizable.strings; sourceTree = "<group>"; };
		770000000000000000000306 /* it */ = {isa = PBXFileReference; lastKnownFileType = text.plist.strings; name = it; path = it.lproj/Localizable.strings; sourceTree = "<group>"; };
		770000000000000000000307 /* pt */ = {isa = PBXFileReference; lastKnownFileType = text.plist.strings; name = pt; path = pt.lproj/Localizable.strings; sourceTree = "<group>"; };
		770000000000000000000308 /* zh-Hans */ = {isa = PBXFileReference; lastKnownFileType = text.plist.strings; name = "zh-Hans"; path = "zh-Hans.lproj/Localizable.strings"; sourceTree = "<group>"; };
		770000000000000000000309 /* ja */ = {isa = PBXFileReference; lastKnownFileType = text.plist.strings; name = ja; path = ja.lproj/Localizable.strings; sourceTree = "<group>"; };
		77000000000000000000030A /* ko */ = {isa = PBXFileReference; lastKnownFileType = text.plist.strings; name = ko; path = ko.lproj/Localizable.strings; sourceTree = "<group>"; };
		770000000000000000000321 /* en */ = {isa = PBXFileReference; lastKnownFileType = text.plist.strings; name = en; path = en.lproj/InfoPlist.strings; sourceTree = "<group>"; };
		770000000000000000000322 /* fr */ = {isa = PBXFileReference; lastKnownFileType = text.plist.strings; name = fr; path = fr.lproj/InfoPlist.strings; sourceTree = "<group>"; };
		770000000000000000000323 /* es */ = {isa = PBXFileReference; lastKnownFileType = text.plist.strings; name = es; path = es.lproj/InfoPlist.strings; sourceTree = "<group>"; };
		770000000000000000000324 /* ar */ = {isa = PBXFileReference; lastKnownFileType = text.plist.strings; name = ar; path = ar.lproj/InfoPlist.strings; sourceTree = "<group>"; };
		770000000000000000000325 /* de */ = {isa = PBXFileReference; lastKnownFileType = text.plist.strings; name = de; path = de.lproj/InfoPlist.strings; sourceTree = "<group>"; };
		770000000000000000000326 /* it */ = {isa = PBXFileReference; lastKnownFileType = text.plist.strings; name = it; path = it.lproj/InfoPlist.strings; sourceTree = "<group>"; };
		770000000000000000000327 /* pt */ = {isa = PBXFileReference; lastKnownFileType = text.plist.strings; name = pt; path = pt.lproj/InfoPlist.strings; sourceTree = "<group>"; };
		770000000000000000000328 /* zh-Hans */ = {isa = PBXFileReference; lastKnownFileType = text.plist.strings; name = "zh-Hans"; path = "zh-Hans.lproj/InfoPlist.strings"; sourceTree = "<group>"; };
		770000000000000000000329 /* ja */ = {isa = PBXFileReference; lastKnownFileType = text.plist.strings; name = ja; path = ja.lproj/InfoPlist.strings; sourceTree = "<group>"; };
		77000000000000000000032A /* ko */ = {isa = PBXFileReference; lastKnownFileType = text.plist.strings; name = ko; path = ko.lproj/InfoPlist.strings; sourceTree = "<group>"; };
		780000000000000000000101 /* CloudSyncModels.swift */ = {isa = PBXFileReference; lastKnownFileType = sourcecode.swift; path = CloudSyncModels.swift; sourceTree = "<group>"; };
		780000000000000000000102 /* CloudKitService.swift */ = {isa = PBXFileReference; lastKnownFileType = sourcecode.swift; path = CloudKitService.swift; sourceTree = "<group>"; };
		780000000000000000000103 /* SyncConflictResolver.swift */ = {isa = PBXFileReference; lastKnownFileType = sourcecode.swift; path = SyncConflictResolver.swift; sourceTree = "<group>"; };
		780000000000000000000104 /* LocalToCloudMigrationService.swift */ = {isa = PBXFileReference; lastKnownFileType = sourcecode.swift; path = LocalToCloudMigrationService.swift; sourceTree = "<group>"; };
		780000000000000000000105 /* CloudSyncManager.swift */ = {isa = PBXFileReference; lastKnownFileType = sourcecode.swift; path = CloudSyncManager.swift; sourceTree = "<group>"; };
		780000000000000000000106 /* CloudSyncTests.swift */ = {isa = PBXFileReference; lastKnownFileType = sourcecode.swift; path = CloudSyncTests.swift; sourceTree = "<group>"; };
		780000000000000000000107 /* FocusRead.entitlements */ = {isa = PBXFileReference; lastKnownFileType = text.plist.entitlements; path = FocusRead.entitlements; sourceTree = "<group>"; };
		780000000000000000000108 /* CloudSyncSettingsView.swift */ = {isa = PBXFileReference; lastKnownFileType = sourcecode.swift; path = CloudSyncSettingsView.swift; sourceTree = "<group>"; };
		790000000000000000000011 /* FocusReadStatsWidgets.appex */ = {isa = PBXFileReference; explicitFileType = "wrapper.app-extension"; includeInIndex = 0; path = FocusReadStatsWidgets.appex; sourceTree = BUILT_PRODUCTS_DIR; };
		790000000000000000000101 /* FocusReadStatsWidgetBundle.swift */ = {isa = PBXFileReference; lastKnownFileType = sourcecode.swift; path = FocusReadStatsWidgetBundle.swift; sourceTree = "<group>"; };
		790000000000000000000102 /* FocusReadStatsWidget.swift */ = {isa = PBXFileReference; lastKnownFileType = sourcecode.swift; path = FocusReadStatsWidget.swift; sourceTree = "<group>"; };
		790000000000000000000103 /* FocusReadStatsWidgetViews.swift */ = {isa = PBXFileReference; lastKnownFileType = sourcecode.swift; path = FocusReadStatsWidgetViews.swift; sourceTree = "<group>"; };
		790000000000000000000104 /* FocusReadWidgetTheme.swift */ = {isa = PBXFileReference; lastKnownFileType = sourcecode.swift; path = FocusReadWidgetTheme.swift; sourceTree = "<group>"; };
		790000000000000000000105 /* Info.plist */ = {isa = PBXFileReference; lastKnownFileType = text.plist.xml; path = Info.plist; sourceTree = "<group>"; };
		790000000000000000000106 /* FocusReadStatsWidgets.entitlements */ = {isa = PBXFileReference; lastKnownFileType = text.plist.entitlements; path = FocusReadStatsWidgets.entitlements; sourceTree = "<group>"; };
		790000000000000000000107 /* FocusReadWidgetShared.swift */ = {isa = PBXFileReference; lastKnownFileType = sourcecode.swift; path = FocusReadWidgetShared.swift; sourceTree = "<group>"; };
		7A0000000000000000000101 /* OnboardingStep.swift */ = {isa = PBXFileReference; lastKnownFileType = sourcecode.swift; path = OnboardingStep.swift; sourceTree = "<group>"; };
		7A0000000000000000000102 /* FocusReadOnboardingView.swift */ = {isa = PBXFileReference; lastKnownFileType = sourcecode.swift; path = FocusReadOnboardingView.swift; sourceTree = "<group>"; };
		7A0000000000000000000103 /* OnboardingRSVPDemoView.swift */ = {isa = PBXFileReference; lastKnownFileType = sourcecode.swift; path = OnboardingRSVPDemoView.swift; sourceTree = "<group>"; };
		7A0000000000000000000104 /* OnboardingComparisonView.swift */ = {isa = PBXFileReference; lastKnownFileType = sourcecode.swift; path = OnboardingComparisonView.swift; sourceTree = "<group>"; };
		7A0000000000000000000105 /* OnboardingWPMSetupView.swift */ = {isa = PBXFileReference; lastKnownFileType = sourcecode.swift; path = OnboardingWPMSetupView.swift; sourceTree = "<group>"; };
		7A0000000000000000000106 /* OnboardingGoalPickerView.swift */ = {isa = PBXFileReference; lastKnownFileType = sourcecode.swift; path = OnboardingGoalPickerView.swift; sourceTree = "<group>"; };
		7A0000000000000000000107 /* OnboardingThemePickerView.swift */ = {isa = PBXFileReference; lastKnownFileType = sourcecode.swift; path = OnboardingThemePickerView.swift; sourceTree = "<group>"; };
		7A0000000000000000000108 /* OnboardingAIRecapDemoView.swift */ = {isa = PBXFileReference; lastKnownFileType = sourcecode.swift; path = OnboardingAIRecapDemoView.swift; sourceTree = "<group>"; };
		7A0000000000000000000109 /* OnboardingFinishView.swift */ = {isa = PBXFileReference; lastKnownFileType = sourcecode.swift; path = OnboardingFinishView.swift; sourceTree = "<group>"; };
		7A000000000000000000010A /* OnboardingPromiseView.swift */ = {isa = PBXFileReference; lastKnownFileType = sourcecode.swift; path = OnboardingPromiseView.swift; sourceTree = "<group>"; };
/* End PBXFileReference section */

/* Begin PBXFrameworksBuildPhase section */
		710000000000000000000020 /* Frameworks */ = {
			isa = PBXFrameworksBuildPhase;
			buildActionMask = 2147483647;
			files = (
				730000000000000000000001 /* ZIPFoundation in Frameworks */,
			);
			runOnlyForDeploymentPostprocessing = 0;
		};
		740000000000000000000020 /* Frameworks */ = {
			isa = PBXFrameworksBuildPhase;
			buildActionMask = 2147483647;
			files = (
			);
			runOnlyForDeploymentPostprocessing = 0;
		};
		790000000000000000000020 /* Frameworks */ = {
			isa = PBXFrameworksBuildPhase;
			buildActionMask = 2147483647;
			files = (
			);
			runOnlyForDeploymentPostprocessing = 0;
		};
/* End PBXFrameworksBuildPhase section */

/* Begin PBXGroup section */
		4BB9D3072FAACCDC00E05D79 /* PDF */ = {
			isa = PBXGroup;
			children = (
				4BB9D3082FAACCED00E05D79 /* E001005.pdf */,
				4BB9D3092FAACCED00E05D79 /* The Psychology of Persuasion.pdf */,
			);
			path = PDF;
			sourceTree = "<group>";
		};
		710000000000000000000030 = {
			isa = PBXGroup;
			children = (
				710000000000000000000040 /* FocusRead */,
				790000000000000000000040 /* FocusReadWidgets */,
				740000000000000000000040 /* FocusReadTests */,
				710000000000000000000050 /* Products */,
			);
			sourceTree = "<group>";
		};
		710000000000000000000040 /* FocusRead */ = {
			isa = PBXGroup;
			children = (
				710000000000000000000101 /* FocusReadApp.swift */,
				710000000000000000000060 /* Models */,
				710000000000000000000061 /* Services */,
				790000000000000000000060 /* Shared */,
				710000000000000000000062 /* ViewModels */,
				770000000000000000000060 /* Localization */,
				710000000000000000000064 /* Theme */,
				710000000000000000000063 /* Views */,
				71000000000000000000010E /* Assets.xcassets */,
				780000000000000000000107 /* FocusRead.entitlements */,
				770000000000000000000201 /* Localizable.strings */,
				770000000000000000000202 /* InfoPlist.strings */,
			);
			path = FocusRead;
			sourceTree = "<group>";
		};
		710000000000000000000050 /* Products */ = {
			isa = PBXGroup;
			children = (
				710000000000000000000011 /* FocusRead.app */,
				790000000000000000000011 /* FocusReadStatsWidgets.appex */,
				740000000000000000000011 /* FocusReadTests.xctest */,
			);
			name = Products;
			sourceTree = "<group>";
		};
		710000000000000000000060 /* Models */ = {
			isa = PBXGroup;
			children = (
				710000000000000000000106 /* ReadingToken.swift */,
				710000000000000000000107 /* ReadingSession.swift */,
				750000000000000000000101 /* ReadingStats.swift */,
				760000000000000000000101 /* AIRecap.swift */,
				760000000000000000000108 /* AIRecapSettings.swift */,
				780000000000000000000101 /* CloudSyncModels.swift */,
				72000000000000000000010D /* SavedRead.swift */,
				72D000000000000000000101 /* DiscoverBook.swift */,
				71000000000000000000010C /* TypographySettings.swift */,
				720000000000000000000101 /* DocumentImportModels.swift */,
			);
			path = Models;
			sourceTree = "<group>";
		};
		710000000000000000000061 /* Services */ = {
			isa = PBXGroup;
			children = (
				710000000000000000000108 /* TextTokenizer.swift */,
				710000000000000000000109 /* RSVPReadingEngine.swift */,
				720000000000000000000102 /* DocumentTextExtractor.swift */,
				720000000000000000000103 /* DocumentPickerService.swift */,
				720000000000000000000104 /* TextFileExtractor.swift */,
				720000000000000000000105 /* EPUBTextExtractor.swift */,
				720000000000000000000106 /* OCRTextExtractor.swift */,
				720000000000000000000107 /* PDFTextExtractor.swift */,
				720000000000000000000108 /* DocumentImportService.swift */,
				720000000000000000000114 /* ImageOCRImportService.swift */,
				72000000000000000000010B /* SmartCleanupService.swift */,
				72000000000000000000010C /* DocumentStructureAnalyzerService.swift */,
				72000000000000000000010E /* ReadingHistoryStore.swift */,
				72000000000000000000010F /* LocalReadingHistoryStore.swift */,
				750000000000000000000102 /* ReadingStatsStore.swift */,
				760000000000000000000102 /* AIRecapStore.swift */,
				760000000000000000000104 /* AIRecapService.swift */,
				780000000000000000000102 /* CloudKitService.swift */,
				780000000000000000000103 /* SyncConflictResolver.swift */,
				780000000000000000000104 /* LocalToCloudMigrationService.swift */,
				780000000000000000000105 /* CloudSyncManager.swift */,
				720000000000000000000110 /* SavedReadMapper.swift */,
				720000000000000000000120 /* ThumbnailGeneratorService.swift */,
				72D000000000000000000102 /* GutenbergDiscoveryService.swift */,
				72D000000000000000000103 /* OpenLibraryDiscoveryService.swift */,
				72D000000000000000000104 /* DiscoverService.swift */,
				72D000000000000000000107 /* DiscoverNetworkClient.swift */,
				720000000000000000000112 /* WordLookupService.swift */,
				720000000000000000000117 /* ReaderSearchService.swift */,
			);
			path = Services;
			sourceTree = "<group>";
		};
		710000000000000000000062 /* ViewModels */ = {
			isa = PBXGroup;
			children = (
				71000000000000000000010A /* ReaderViewModel.swift */,
				71000000000000000000010B /* InputViewModel.swift */,
				720000000000000000000109 /* DocumentImportViewModel.swift */,
				720000000000000000000118 /* GoToViewModel.swift */,
				72000000000000000000011A /* LibraryViewModel.swift */,
				72D000000000000000000105 /* DiscoverViewModel.swift */,
				760000000000000000000106 /* AIRecapViewModel.swift */,
			);
			path = ViewModels;
			sourceTree = "<group>";
		};
		710000000000000000000063 /* Views */ = {
			isa = PBXGroup;
			children = (
				710000000000000000000102 /* RootView.swift */,
				710000000000000000000103 /* FocusReadBackground.swift */,
				7A0000000000000000000101 /* OnboardingStep.swift */,
				7A0000000000000000000102 /* FocusReadOnboardingView.swift */,
				7A000000000000000000010A /* OnboardingPromiseView.swift */,
				7A0000000000000000000103 /* OnboardingRSVPDemoView.swift */,
				7A0000000000000000000104 /* OnboardingComparisonView.swift */,
				7A0000000000000000000105 /* OnboardingWPMSetupView.swift */,
				7A0000000000000000000106 /* OnboardingGoalPickerView.swift */,
				7A0000000000000000000107 /* OnboardingThemePickerView.swift */,
				7A0000000000000000000108 /* OnboardingAIRecapDemoView.swift */,
				7A0000000000000000000109 /* OnboardingFinishView.swift */,
				710000000000000000000104 /* ReaderView.swift */,
				710000000000000000000105 /* ReaderControlsView.swift */,
				710000000000000000000121 /* ReaderActionPaletteView.swift */,
				71000000000000000000010D /* TypographySettingsView.swift */,
				780000000000000000000108 /* CloudSyncSettingsView.swift */,
				72000000000000000000010A /* DocumentImportView.swift */,
				720000000000000000000115 /* CameraCaptureView.swift */,
				720000000000000000000116 /* PhotoLibraryPicker.swift */,
				720000000000000000000111 /* HistorySidebarView.swift */,
				72D000000000000000000106 /* DiscoverView.swift */,
				760000000000000000000107 /* AIRecapView.swift */,
				720000000000000000000113 /* DictionaryLookupView.swift */,
				720000000000000000000119 /* GoToNavigationView.swift */,
				770000000000000000000102 /* AppLanguageSettingsView.swift */,
				72000000000000000000011C /* NativeSearchBarView.swift */,
				750000000000000000000103 /* StatsView.swift */,
			);
			path = Views;
			sourceTree = "<group>";
		};
		710000000000000000000064 /* Theme */ = {
			isa = PBXGroup;
			children = (
				71000000000000000000010F /* AppTheme.swift */,
				710000000000000000000124 /* FocusReadControlStyles.swift */,
			);
			path = Theme;
			sourceTree = "<group>";
		};
		740000000000000000000040 /* FocusReadTests */ = {
			isa = PBXGroup;
			children = (
				740000000000000000000101 /* EPUBTextExtractorTests.swift */,
				740000000000000000000106 /* WordLookupServiceTests.swift */,
				740000000000000000000107 /* ReaderSearchServiceTests.swift */,
				740000000000000000000108 /* ReaderViewModelTests.swift */,
				740000000000000000000109 /* ThumbnailImageNormalizerTests.swift */,
				74000000000000000000010A /* OnboardingMigrationTests.swift */,
				74D000000000000000000101 /* DiscoverMappingTests.swift */,
				750000000000000000000104 /* ReadingStatsStoreTests.swift */,
				760000000000000000000103 /* AIRecapStoreTests.swift */,
				760000000000000000000105 /* AIRecapServiceTests.swift */,
				760000000000000000000109 /* AIRecapSettingsTests.swift */,
				780000000000000000000106 /* CloudSyncTests.swift */,
				740000000000000000000041 /* Fixtures */,
			);
			path = FocusReadTests;
			sourceTree = "<group>";
		};
		740000000000000000000041 /* Fixtures */ = {
			isa = PBXGroup;
			children = (
				4BB9D3072FAACCDC00E05D79 /* PDF */,
				740000000000000000000042 /* EPUB */,
			);
			path = Fixtures;
			sourceTree = "<group>";
		};
		740000000000000000000042 /* EPUB */ = {
			isa = PBXGroup;
			children = (
				740000000000000000000104 /* accessible_epub_3.epub */,
				740000000000000000000103 /* jane-austen_pride-and-prejudice.epub */,
				740000000000000000000102 /* minimal.epub */,
				740000000000000000000105 /* pg1342-images-3.epub */,
			);
			path = EPUB;
			sourceTree = "<group>";
		};
		770000000000000000000060 /* Localization */ = {
			isa = PBXGroup;
			children = (
				770000000000000000000101 /* AppLocalization.swift */,
			);
			path = Localization;
			sourceTree = "<group>";
		};
		790000000000000000000040 /* FocusReadWidgets */ = {
			isa = PBXGroup;
			children = (
				790000000000000000000101 /* FocusReadStatsWidgetBundle.swift */,
				790000000000000000000102 /* FocusReadStatsWidget.swift */,
				790000000000000000000103 /* FocusReadStatsWidgetViews.swift */,
				790000000000000000000104 /* FocusReadWidgetTheme.swift */,
				790000000000000000000105 /* Info.plist */,
				790000000000000000000106 /* FocusReadStatsWidgets.entitlements */,
			);
			path = FocusReadWidgets;
			sourceTree = "<group>";
		};
		790000000000000000000060 /* Shared */ = {
			isa = PBXGroup;
			children = (
				790000000000000000000107 /* FocusReadWidgetShared.swift */,
			);
			path = Shared;
			sourceTree = "<group>";
		};
/* End PBXGroup section */

/* Begin PBXNativeTarget section */
		710000000000000000000070 /* FocusRead */ = {
			isa = PBXNativeTarget;
			buildConfigurationList = 710000000000000000000090 /* Build configuration list for PBXNativeTarget "FocusRead" */;
			buildPhases = (
				710000000000000000000071 /* Sources */,
				710000000000000000000020 /* Frameworks */,
				710000000000000000000073 /* Resources */,
				790000000000000000000074 /* Embed App Extensions */,
			);
			buildRules = (
			);
			dependencies = (
				790000000000000000000202 /* PBXTargetDependency */,
			);
			name = FocusRead;
			packageProductDependencies = (
				730000000000000000000101 /* ZIPFoundation */,
			);
			productName = FocusRead;
			productReference = 710000000000000000000011 /* FocusRead.app */;
			productType = "com.apple.product-type.application";
		};
		740000000000000000000070 /* FocusReadTests */ = {
			isa = PBXNativeTarget;
			buildConfigurationList = 740000000000000000000090 /* Build configuration list for PBXNativeTarget "FocusReadTests" */;
			buildPhases = (
				740000000000000000000071 /* Sources */,
				740000000000000000000020 /* Frameworks */,
				740000000000000000000073 /* Resources */,
			);
			buildRules = (
			);
			dependencies = (
				740000000000000000000202 /* PBXTargetDependency */,
			);
			name = FocusReadTests;
			packageProductDependencies = (
			);
			productName = FocusReadTests;
			productReference = 740000000000000000000011 /* FocusReadTests.xctest */;
			productType = "com.apple.product-type.bundle.unit-test";
		};
		790000000000000000000070 /* FocusReadStatsWidgets */ = {
			isa = PBXNativeTarget;
			buildConfigurationList = 790000000000000000000090 /* Build configuration list for PBXNativeTarget "FocusReadStatsWidgets" */;
			buildPhases = (
				790000000000000000000071 /* Sources */,
				790000000000000000000020 /* Frameworks */,
				790000000000000000000073 /* Resources */,
			);
			buildRules = (
			);
			dependencies = (
			);
			name = FocusReadStatsWidgets;
			packageProductDependencies = (
			);
			productName = FocusReadStatsWidgets;
			productReference = 790000000000000000000011 /* FocusReadStatsWidgets.appex */;
			productType = "com.apple.product-type.app-extension";
		};
/* End PBXNativeTarget section */

/* Begin PBXProject section */
		710000000000000000000080 /* Project object */ = {
			isa = PBXProject;
			attributes = {
				BuildIndependentTargetsInParallel = 1;
				LastSwiftUpdateCheck = 2640;
				LastUpgradeCheck = 2640;
				TargetAttributes = {
					710000000000000000000070 = {
						CreatedOnToolsVersion = 26.4;
					};
					740000000000000000000070 = {
						CreatedOnToolsVersion = 26.4;
						TestTargetID = 710000000000000000000070;
					};
					790000000000000000000070 = {
						CreatedOnToolsVersion = 26.4;
					};
				};
			};
			buildConfigurationList = 710000000000000000000081 /* Build configuration list for PBXProject "FocusRead" */;
			compatibilityVersion = "Xcode 15.0";
			developmentRegion = en;
			hasScannedForEncodings = 0;
			knownRegions = (
				en,
				Base,
				fr,
				es,
				ar,
				de,
				it,
				pt,
				"zh-Hans",
				ja,
				ko,
			);
			mainGroup = 710000000000000000000030;
			packageReferences = (
				730000000000000000000201 /* XCRemoteSwiftPackageReference "ZIPFoundation" */,
			);
			productRefGroup = 710000000000000000000050 /* Products */;
			projectDirPath = "";
			projectRoot = "";
			targets = (
				710000000000000000000070 /* FocusRead */,
				790000000000000000000070 /* FocusReadStatsWidgets */,
				740000000000000000000070 /* FocusReadTests */,
			);
		};
/* End PBXProject section */

/* Begin PBXResourcesBuildPhase section */
		710000000000000000000073 /* Resources */ = {
			isa = PBXResourcesBuildPhase;
			buildActionMask = 2147483647;
			files = (
				71000000000000000000000F /* Assets.xcassets in Resources */,
				770000000000000000000004 /* InfoPlist.strings in Resources */,
				770000000000000000000003 /* Localizable.strings in Resources */,
			);
			runOnlyForDeploymentPostprocessing = 0;
		};
		740000000000000000000073 /* Resources */ = {
			isa = PBXResourcesBuildPhase;
			buildActionMask = 2147483647;
			files = (
				740000000000000000000004 /* accessible_epub_3.epub in Resources */,
				740000000000000000000003 /* jane-austen_pride-and-prejudice.epub in Resources */,
				740000000000000000000002 /* minimal.epub in Resources */,
				4BB9D30A2FAACCED00E05D79 /* The Psychology of Persuasion.pdf in Resources */,
				4BB9D30B2FAACCED00E05D79 /* E001005.pdf in Resources */,
				740000000000000000000005 /* pg1342-images-3.epub in Resources */,
			);
			runOnlyForDeploymentPostprocessing = 0;
		};
		790000000000000000000073 /* Resources */ = {
			isa = PBXResourcesBuildPhase;
			buildActionMask = 2147483647;
			files = (
			);
			runOnlyForDeploymentPostprocessing = 0;
		};
/* End PBXResourcesBuildPhase section */

/* Begin PBXSourcesBuildPhase section */
		710000000000000000000071 /* Sources */ = {
			isa = PBXSourcesBuildPhase;
			buildActionMask = 2147483647;
			files = (
				710000000000000000000001 /* FocusReadApp.swift in Sources */,
				710000000000000000000002 /* RootView.swift in Sources */,
				710000000000000000000003 /* FocusReadBackground.swift in Sources */,
				710000000000000000000004 /* ReaderView.swift in Sources */,
				710000000000000000000005 /* ReaderControlsView.swift in Sources */,
				710000000000000000000122 /* ReaderActionPaletteView.swift in Sources */,
				7A0000000000000000000001 /* OnboardingStep.swift in Sources */,
				7A0000000000000000000002 /* FocusReadOnboardingView.swift in Sources */,
				7A000000000000000000000A /* OnboardingPromiseView.swift in Sources */,
				7A0000000000000000000003 /* OnboardingRSVPDemoView.swift in Sources */,
				7A0000000000000000000004 /* OnboardingComparisonView.swift in Sources */,
				7A0000000000000000000005 /* OnboardingWPMSetupView.swift in Sources */,
				7A0000000000000000000006 /* OnboardingGoalPickerView.swift in Sources */,
				7A0000000000000000000007 /* OnboardingThemePickerView.swift in Sources */,
				7A0000000000000000000008 /* OnboardingAIRecapDemoView.swift in Sources */,
				7A0000000000000000000009 /* OnboardingFinishView.swift in Sources */,
				710000000000000000000006 /* ReadingToken.swift in Sources */,
				710000000000000000000007 /* ReadingSession.swift in Sources */,
				720000000000000000000001 /* DocumentImportModels.swift in Sources */,
				72D000000000000000000001 /* DiscoverBook.swift in Sources */,
				750000000000000000000001 /* ReadingStats.swift in Sources */,
				790000000000000000000001 /* FocusReadWidgetShared.swift in Sources */,
				760000000000000000000001 /* AIRecap.swift in Sources */,
				760000000000000000000008 /* AIRecapSettings.swift in Sources */,
				780000000000000000000001 /* CloudSyncModels.swift in Sources */,
				72000000000000000000000D /* SavedRead.swift in Sources */,
				770000000000000000000001 /* AppLocalization.swift in Sources */,
				710000000000000000000008 /* TextTokenizer.swift in Sources */,
				710000000000000000000009 /* RSVPReadingEngine.swift in Sources */,
				71000000000000000000000A /* ReaderViewModel.swift in Sources */,
				71000000000000000000000B /* InputViewModel.swift in Sources */,
				720000000000000000000009 /* DocumentImportViewModel.swift in Sources */,
				760000000000000000000006 /* AIRecapViewModel.swift in Sources */,
				71000000000000000000000C /* TypographySettings.swift in Sources */,
				720000000000000000000002 /* DocumentTextExtractor.swift in Sources */,
				720000000000000000000003 /* DocumentPickerService.swift in Sources */,
				720000000000000000000004 /* TextFileExtractor.swift in Sources */,
				720000000000000000000005 /* EPUBTextExtractor.swift in Sources */,
				720000000000000000000006 /* OCRTextExtractor.swift in Sources */,
				720000000000000000000007 /* PDFTextExtractor.swift in Sources */,
				720000000000000000000008 /* DocumentImportService.swift in Sources */,
				72D000000000000000000002 /* GutenbergDiscoveryService.swift in Sources */,
				72D000000000000000000003 /* OpenLibraryDiscoveryService.swift in Sources */,
				72D000000000000000000004 /* DiscoverService.swift in Sources */,
				72D000000000000000000007 /* DiscoverNetworkClient.swift in Sources */,
				720000000000000000000014 /* ImageOCRImportService.swift in Sources */,
				72000000000000000000000B /* SmartCleanupService.swift in Sources */,
				72000000000000000000000C /* DocumentStructureAnalyzerService.swift in Sources */,
				72000000000000000000000E /* ReadingHistoryStore.swift in Sources */,
				72000000000000000000000F /* LocalReadingHistoryStore.swift in Sources */,
				750000000000000000000002 /* ReadingStatsStore.swift in Sources */,
				760000000000000000000002 /* AIRecapStore.swift in Sources */,
				760000000000000000000004 /* AIRecapService.swift in Sources */,
				780000000000000000000002 /* CloudKitService.swift in Sources */,
				780000000000000000000003 /* SyncConflictResolver.swift in Sources */,
				780000000000000000000004 /* LocalToCloudMigrationService.swift in Sources */,
				780000000000000000000005 /* CloudSyncManager.swift in Sources */,
				720000000000000000000010 /* SavedReadMapper.swift in Sources */,
				780000000000000000000009 /* CloudSyncSettingsView.swift in Sources */,
				720000000000000000000012 /* WordLookupService.swift in Sources */,
				720000000000000000000017 /* ReaderSearchService.swift in Sources */,
				71000000000000000000000D /* TypographySettingsView.swift in Sources */,
				72000000000000000000000A /* DocumentImportView.swift in Sources */,
				720000000000000000000015 /* CameraCaptureView.swift in Sources */,
				720000000000000000000016 /* PhotoLibraryPicker.swift in Sources */,
				720000000000000000000011 /* HistorySidebarView.swift in Sources */,
				760000000000000000000007 /* AIRecapView.swift in Sources */,
				720000000000000000000013 /* DictionaryLookupView.swift in Sources */,
				720000000000000000000018 /* GoToViewModel.swift in Sources */,
				720000000000000000000019 /* GoToNavigationView.swift in Sources */,
				770000000000000000000002 /* AppLanguageSettingsView.swift in Sources */,
				72000000000000000000001A /* LibraryViewModel.swift in Sources */,
				72D000000000000000000005 /* DiscoverViewModel.swift in Sources */,
				72000000000000000000001B /* ThumbnailGeneratorService.swift in Sources */,
				72000000000000000000001C /* NativeSearchBarView.swift in Sources */,
				750000000000000000000003 /* StatsView.swift in Sources */,
				72D000000000000000000006 /* DiscoverView.swift in Sources */,
				71000000000000000000000E /* AppTheme.swift in Sources */,
				710000000000000000000123 /* FocusReadControlStyles.swift in Sources */,
			);
			runOnlyForDeploymentPostprocessing = 0;
		};
		740000000000000000000071 /* Sources */ = {
			isa = PBXSourcesBuildPhase;
			buildActionMask = 2147483647;
			files = (
				740000000000000000000001 /* EPUBTextExtractorTests.swift in Sources */,
				740000000000000000000006 /* WordLookupServiceTests.swift in Sources */,
				740000000000000000000007 /* ReaderSearchServiceTests.swift in Sources */,
				740000000000000000000008 /* ReaderViewModelTests.swift in Sources */,
				740000000000000000000009 /* ThumbnailImageNormalizerTests.swift in Sources */,
				74000000000000000000000A /* OnboardingMigrationTests.swift in Sources */,
				74D000000000000000000001 /* DiscoverMappingTests.swift in Sources */,
				750000000000000000000004 /* ReadingStatsStoreTests.swift in Sources */,
				760000000000000000000003 /* AIRecapStoreTests.swift in Sources */,
				760000000000000000000005 /* AIRecapServiceTests.swift in Sources */,
				760000000000000000000009 /* AIRecapSettingsTests.swift in Sources */,
				780000000000000000000006 /* CloudSyncTests.swift in Sources */,
			);
			runOnlyForDeploymentPostprocessing = 0;
		};
		790000000000000000000071 /* Sources */ = {
			isa = PBXSourcesBuildPhase;
			buildActionMask = 2147483647;
			files = (
				790000000000000000000002 /* FocusReadWidgetShared.swift in Sources */,
				790000000000000000000003 /* FocusReadStatsWidgetBundle.swift in Sources */,
				790000000000000000000004 /* FocusReadStatsWidget.swift in Sources */,
				790000000000000000000005 /* FocusReadStatsWidgetViews.swift in Sources */,
				790000000000000000000006 /* FocusReadWidgetTheme.swift in Sources */,
			);
			runOnlyForDeploymentPostprocessing = 0;
		};
/* End PBXSourcesBuildPhase section */

/* Begin PBXTargetDependency section */
		740000000000000000000202 /* PBXTargetDependency */ = {
			isa = PBXTargetDependency;
			target = 710000000000000000000070 /* FocusRead */;
			targetProxy = 740000000000000000000201 /* PBXContainerItemProxy */;
		};
		790000000000000000000202 /* PBXTargetDependency */ = {
			isa = PBXTargetDependency;
			target = 790000000000000000000070 /* FocusReadStatsWidgets */;
			targetProxy = 790000000000000000000201 /* PBXContainerItemProxy */;
		};
/* End PBXTargetDependency section */

/* Begin PBXVariantGroup section */
		770000000000000000000201 /* Localizable.strings */ = {
			isa = PBXVariantGroup;
			children = (
				770000000000000000000301 /* en */,
				770000000000000000000302 /* fr */,
				770000000000000000000303 /* es */,
				770000000000000000000304 /* ar */,
				770000000000000000000305 /* de */,
				770000000000000000000306 /* it */,
				770000000000000000000307 /* pt */,
				770000000000000000000308 /* zh-Hans */,
				770000000000000000000309 /* ja */,
				77000000000000000000030A /* ko */,
			);
			name = Localizable.strings;
			sourceTree = "<group>";
		};
		770000000000000000000202 /* InfoPlist.strings */ = {
			isa = PBXVariantGroup;
			children = (
				770000000000000000000321 /* en */,
				770000000000000000000322 /* fr */,
				770000000000000000000323 /* es */,
				770000000000000000000324 /* ar */,
				770000000000000000000325 /* de */,
				770000000000000000000326 /* it */,
				770000000000000000000327 /* pt */,
				770000000000000000000328 /* zh-Hans */,
				770000000000000000000329 /* ja */,
				77000000000000000000032A /* ko */,
			);
			name = InfoPlist.strings;
			sourceTree = "<group>";
		};
/* End PBXVariantGroup section */

/* Begin XCBuildConfiguration section */
		710000000000000000000082 /* Debug */ = {
			isa = XCBuildConfiguration;
			buildSettings = {
				ALWAYS_SEARCH_USER_PATHS = NO;
				CLANG_ANALYZER_NONNULL = YES;
				CLANG_ENABLE_MODULES = YES;
				CLANG_ENABLE_OBJC_ARC = YES;
				CLANG_WARN_DOCUMENTATION_COMMENTS = YES;
				CLANG_WARN_QUOTED_INCLUDE_IN_FRAMEWORK_HEADER = YES;
				COPY_PHASE_STRIP = NO;
				DEBUG_INFORMATION_FORMAT = dwarf;
				ENABLE_STRICT_OBJC_MSGSEND = YES;
				ENABLE_TESTABILITY = YES;
				GCC_C_LANGUAGE_STANDARD = gnu17;
				GCC_DYNAMIC_NO_PIC = NO;
				GCC_NO_COMMON_BLOCKS = YES;
				GCC_OPTIMIZATION_LEVEL = 0;
				GCC_PREPROCESSOR_DEFINITIONS = (
					"DEBUG=1",
					"$(inherited)",
				);
				GCC_WARN_64_TO_32_BIT_CONVERSION = YES;
				GCC_WARN_ABOUT_RETURN_TYPE = YES_ERROR;
				GCC_WARN_UNDECLARED_SELECTOR = YES;
				GCC_WARN_UNINITIALIZED_AUTOS = YES_AGGRESSIVE;
				GCC_WARN_UNUSED_FUNCTION = YES;
				GCC_WARN_UNUSED_VARIABLE = YES;
				IPHONEOS_DEPLOYMENT_TARGET = 18.0;
				MTL_ENABLE_DEBUG_INFO = INCLUDE_SOURCE;
				MTL_FAST_MATH = YES;
				SDKROOT = iphoneos;
				SWIFT_ACTIVE_COMPILATION_CONDITIONS = DEBUG;
				SWIFT_OPTIMIZATION_LEVEL = "-Onone";
			};
			name = Debug;
		};
		710000000000000000000083 /* Release */ = {
			isa = XCBuildConfiguration;
			buildSettings = {
				ALWAYS_SEARCH_USER_PATHS = NO;
				CLANG_ANALYZER_NONNULL = YES;
				CLANG_ENABLE_MODULES = YES;
				CLANG_ENABLE_OBJC_ARC = YES;
				CLANG_WARN_DOCUMENTATION_COMMENTS = YES;
				CLANG_WARN_QUOTED_INCLUDE_IN_FRAMEWORK_HEADER = YES;
				COPY_PHASE_STRIP = NO;
				DEBUG_INFORMATION_FORMAT = "dwarf-with-dsym";
				ENABLE_NS_ASSERTIONS = NO;
				ENABLE_STRICT_OBJC_MSGSEND = YES;
				GCC_C_LANGUAGE_STANDARD = gnu17;
				GCC_NO_COMMON_BLOCKS = YES;
				GCC_WARN_64_TO_32_BIT_CONVERSION = YES;
				GCC_WARN_ABOUT_RETURN_TYPE = YES_ERROR;
				GCC_WARN_UNDECLARED_SELECTOR = YES;
				GCC_WARN_UNINITIALIZED_AUTOS = YES_AGGRESSIVE;
				GCC_WARN_UNUSED_FUNCTION = YES;
				GCC_WARN_UNUSED_VARIABLE = YES;
				IPHONEOS_DEPLOYMENT_TARGET = 18.0;
				MTL_ENABLE_DEBUG_INFO = NO;
				MTL_FAST_MATH = YES;
				SDKROOT = iphoneos;
				SWIFT_COMPILATION_MODE = wholemodule;
				SWIFT_OPTIMIZATION_LEVEL = "-O";
				VALIDATE_PRODUCT = YES;
			};
			name = Release;
		};
		710000000000000000000091 /* Debug */ = {
			isa = XCBuildConfiguration;
			buildSettings = {
				CODE_SIGN_ENTITLEMENTS = FocusRead/FocusRead.entitlements;
				CODE_SIGN_STYLE = Automatic;
				CURRENT_PROJECT_VERSION = 1;
				DEVELOPMENT_ASSET_PATHS = "";
				DEVELOPMENT_TEAM = WFH2TCAAQ8;
				ENABLE_PREVIEWS = YES;
				GENERATE_INFOPLIST_FILE = NO;
				INFOPLIST_FILE = FocusRead/Info.plist;
				MARKETING_VERSION = 1.0;
				PRODUCT_BUNDLE_IDENTIFIER = com.otoua046.app;
				PRODUCT_NAME = "$(TARGET_NAME)";
				SWIFT_EMIT_LOC_STRINGS = YES;
				SWIFT_VERSION = 6.0;
				TARGETED_DEVICE_FAMILY = "1,2";
			};
			name = Debug;
		};
		710000000000000000000092 /* Release */ = {
			isa = XCBuildConfiguration;
			buildSettings = {
				CODE_SIGN_ENTITLEMENTS = FocusRead/FocusRead.entitlements;
				CODE_SIGN_STYLE = Automatic;
				CURRENT_PROJECT_VERSION = 1;
				DEVELOPMENT_ASSET_PATHS = "";
				DEVELOPMENT_TEAM = WFH2TCAAQ8;
				ENABLE_PREVIEWS = YES;
				GENERATE_INFOPLIST_FILE = NO;
				INFOPLIST_FILE = FocusRead/Info.plist;
				MARKETING_VERSION = 1.0;
				PRODUCT_BUNDLE_IDENTIFIER = com.otoua046.app;
				PRODUCT_NAME = "$(TARGET_NAME)";
				SWIFT_EMIT_LOC_STRINGS = YES;
				SWIFT_VERSION = 6.0;
				TARGETED_DEVICE_FAMILY = "1,2";
				VALIDATE_PRODUCT = YES;
			};
			name = Release;
		};
		740000000000000000000091 /* Debug */ = {
			isa = XCBuildConfiguration;
			buildSettings = {
				BUNDLE_LOADER = "$(TEST_HOST)";
				CODE_SIGN_STYLE = Automatic;
				CURRENT_PROJECT_VERSION = 1;
				DEVELOPMENT_TEAM = WFH2TCAAQ8;
				GENERATE_INFOPLIST_FILE = YES;
				IPHONEOS_DEPLOYMENT_TARGET = 18.0;
				MARKETING_VERSION = 1.0;
				PRODUCT_BUNDLE_IDENTIFIER = com.otoua046.app.tests;
				PRODUCT_NAME = "$(TARGET_NAME)";
				SWIFT_VERSION = 6.0;
				TARGETED_DEVICE_FAMILY = "1,2";
				TEST_HOST = "$(BUILT_PRODUCTS_DIR)/FocusRead.app/$(BUNDLE_EXECUTABLE_FOLDER_PATH)/FocusRead";
			};
			name = Debug;
		};
		740000000000000000000092 /* Release */ = {
			isa = XCBuildConfiguration;
			buildSettings = {
				BUNDLE_LOADER = "$(TEST_HOST)";
				CODE_SIGN_STYLE = Automatic;
				CURRENT_PROJECT_VERSION = 1;
				DEVELOPMENT_TEAM = WFH2TCAAQ8;
				GENERATE_INFOPLIST_FILE = YES;
				IPHONEOS_DEPLOYMENT_TARGET = 18.0;
				MARKETING_VERSION = 1.0;
				PRODUCT_BUNDLE_IDENTIFIER = com.otoua046.app.tests;
				PRODUCT_NAME = "$(TARGET_NAME)";
				SWIFT_VERSION = 6.0;
				TARGETED_DEVICE_FAMILY = "1,2";
				TEST_HOST = "$(BUILT_PRODUCTS_DIR)/FocusRead.app/$(BUNDLE_EXECUTABLE_FOLDER_PATH)/FocusRead";
			};
			name = Release;
		};
		790000000000000000000091 /* Debug */ = {
			isa = XCBuildConfiguration;
			buildSettings = {
				APPLICATION_EXTENSION_API_ONLY = YES;
				CODE_SIGN_ENTITLEMENTS = FocusReadWidgets/FocusReadStatsWidgets.entitlements;
				CODE_SIGN_STYLE = Automatic;
				CURRENT_PROJECT_VERSION = 1;
				DEVELOPMENT_TEAM = WFH2TCAAQ8;
				GENERATE_INFOPLIST_FILE = NO;
				INFOPLIST_FILE = FocusReadWidgets/Info.plist;
				IPHONEOS_DEPLOYMENT_TARGET = 18.0;
				LD_RUNPATH_SEARCH_PATHS = (
					"$(inherited)",
					"@executable_path/Frameworks",
					"@executable_path/../../Frameworks",
				);
				MARKETING_VERSION = 1.0;
				PRODUCT_BUNDLE_IDENTIFIER = com.otoua046.app.FocusReadStatsWidgets;
				PRODUCT_NAME = "$(TARGET_NAME)";
				SKIP_INSTALL = YES;
				SWIFT_EMIT_LOC_STRINGS = YES;
				SWIFT_VERSION = 6.0;
				TARGETED_DEVICE_FAMILY = "1,2";
			};
			name = Debug;
		};
		790000000000000000000092 /* Release */ = {
			isa = XCBuildConfiguration;
			buildSettings = {
				APPLICATION_EXTENSION_API_ONLY = YES;
				CODE_SIGN_ENTITLEMENTS = FocusReadWidgets/FocusReadStatsWidgets.entitlements;
				CODE_SIGN_STYLE = Automatic;
				CURRENT_PROJECT_VERSION = 1;
				DEVELOPMENT_TEAM = WFH2TCAAQ8;
				GENERATE_INFOPLIST_FILE = NO;
				INFOPLIST_FILE = FocusReadWidgets/Info.plist;
				IPHONEOS_DEPLOYMENT_TARGET = 18.0;
				LD_RUNPATH_SEARCH_PATHS = (
					"$(inherited)",
					"@executable_path/Frameworks",
					"@executable_path/../../Frameworks",
				);
				MARKETING_VERSION = 1.0;
				PRODUCT_BUNDLE_IDENTIFIER = com.otoua046.app.FocusReadStatsWidgets;
				PRODUCT_NAME = "$(TARGET_NAME)";
				SKIP_INSTALL = YES;
				SWIFT_EMIT_LOC_STRINGS = YES;
				SWIFT_VERSION = 6.0;
				TARGETED_DEVICE_FAMILY = "1,2";
				VALIDATE_PRODUCT = YES;
			};
			name = Release;
		};
/* End XCBuildConfiguration section */

/* Begin XCConfigurationList section */
		710000000000000000000081 /* Build configuration list for PBXProject "FocusRead" */ = {
			isa = XCConfigurationList;
			buildConfigurations = (
				710000000000000000000082 /* Debug */,
				710000000000000000000083 /* Release */,
			);
			defaultConfigurationIsVisible = 0;
			defaultConfigurationName = Release;
		};
		710000000000000000000090 /* Build configuration list for PBXNativeTarget "FocusRead" */ = {
			isa = XCConfigurationList;
			buildConfigurations = (
				710000000000000000000091 /* Debug */,
				710000000000000000000092 /* Release */,
			);
			defaultConfigurationIsVisible = 0;
			defaultConfigurationName = Release;
		};
		740000000000000000000090 /* Build configuration list for PBXNativeTarget "FocusReadTests" */ = {
			isa = XCConfigurationList;
			buildConfigurations = (
				740000000000000000000091 /* Debug */,
				740000000000000000000092 /* Release */,
			);
			defaultConfigurationIsVisible = 0;
			defaultConfigurationName = Release;
		};
		790000000000000000000090 /* Build configuration list for PBXNativeTarget "FocusReadStatsWidgets" */ = {
			isa = XCConfigurationList;
			buildConfigurations = (
				790000000000000000000091 /* Debug */,
				790000000000000000000092 /* Release */,
			);
			defaultConfigurationIsVisible = 0;
			defaultConfigurationName = Release;
		};
/* End XCConfigurationList section */

/* Begin XCRemoteSwiftPackageReference section */
		730000000000000000000201 /* XCRemoteSwiftPackageReference "ZIPFoundation" */ = {
			isa = XCRemoteSwiftPackageReference;
			repositoryURL = "https://github.com/weichsel/ZIPFoundation";
			requirement = {
				kind = upToNextMajorVersion;
				minimumVersion = 0.9.20;
			};
		};
/* End XCRemoteSwiftPackageReference section */

/* Begin XCSwiftPackageProductDependency section */
		730000000000000000000101 /* ZIPFoundation */ = {
			isa = XCSwiftPackageProductDependency;
			package = 730000000000000000000201 /* XCRemoteSwiftPackageReference "ZIPFoundation" */;
			productName = ZIPFoundation;
		};
/* End XCSwiftPackageProductDependency section */
	};
	rootObject = 710000000000000000000080 /* Project object */;
}
